// !$*UTF8*$!
{
	archiveVersion = 1;
	classes = {
	};
	objectVersion = 46;
	objects = {

/* Begin PBXBuildFile section */
		24513EAC1C89E5850080D250 /* NSPropertyDescription.swift in Sources */ = {isa = PBXBuildFile; fileRef = 24513EAB1C89E5850080D250 /* NSPropertyDescription.swift */; };
		24513EAD1C89E5850080D250 /* NSPropertyDescription.swift in Sources */ = {isa = PBXBuildFile; fileRef = 24513EAB1C89E5850080D250 /* NSPropertyDescription.swift */; };
		24513EB01C89F2B50080D250 /* NSEntityDescription.swift in Sources */ = {isa = PBXBuildFile; fileRef = 24513EAF1C89F2B50080D250 /* NSEntityDescription.swift */; };
		24513EB11C89F2B50080D250 /* NSEntityDescription.swift in Sources */ = {isa = PBXBuildFile; fileRef = 24513EAF1C89F2B50080D250 /* NSEntityDescription.swift */; };
		24513EB31C89F5400080D250 /* NSManagedObjectContext.swift in Sources */ = {isa = PBXBuildFile; fileRef = 24513EB21C89F5400080D250 /* NSManagedObjectContext.swift */; };
		24513EB41C89F5400080D250 /* NSManagedObjectContext.swift in Sources */ = {isa = PBXBuildFile; fileRef = 24513EB21C89F5400080D250 /* NSManagedObjectContext.swift */; };
		24513EB61C89F6A10080D250 /* NSManagedObject.swift in Sources */ = {isa = PBXBuildFile; fileRef = 24513EB51C89F6A10080D250 /* NSManagedObject.swift */; };
		24513EB71C89F6A10080D250 /* NSManagedObject.swift in Sources */ = {isa = PBXBuildFile; fileRef = 24513EB51C89F6A10080D250 /* NSManagedObject.swift */; };
		24513EB91C89FB7F0080D250 /* Value.swift in Sources */ = {isa = PBXBuildFile; fileRef = 24513EB81C89FB7F0080D250 /* Value.swift */; };
		24513EBA1C89FB7F0080D250 /* Value.swift in Sources */ = {isa = PBXBuildFile; fileRef = 24513EB81C89FB7F0080D250 /* Value.swift */; };
		24513EF91C8A123C0080D250 /* Deserializer.framework in Frameworks */ = {isa = PBXBuildFile; fileRef = 24513EE81C8A119D0080D250 /* Deserializer.framework */; };
		24513F011C8A12640080D250 /* User.m in Sources */ = {isa = PBXBuildFile; fileRef = 24F798EA1B39425000F7E4A5 /* User.m */; };
		24513F021C8A12640080D250 /* Hashtag.m in Sources */ = {isa = PBXBuildFile; fileRef = 24F798E41B39425000F7E4A5 /* Hashtag.m */; };
		24513F031C8A12640080D250 /* _User.m in Sources */ = {isa = PBXBuildFile; fileRef = 24F798E21B39425000F7E4A5 /* _User.m */; };
		24513F041C8A12640080D250 /* _Hashtag.m in Sources */ = {isa = PBXBuildFile; fileRef = 24F798DC1B39425000F7E4A5 /* _Hashtag.m */; };
		24513F051C8A12640080D250 /* Tweet.m in Sources */ = {isa = PBXBuildFile; fileRef = 24F798E81B39425000F7E4A5 /* Tweet.m */; };
		24513F061C8A12640080D250 /* Twitter.xcdatamodeld in Sources */ = {isa = PBXBuildFile; fileRef = 24F798ED1B39425000F7E4A5 /* Twitter.xcdatamodeld */; };
		24513F071C8A12640080D250 /* Tweets.swift in Sources */ = {isa = PBXBuildFile; fileRef = 24F798EC1B39425000F7E4A5 /* Tweets.swift */; };
		24513F081C8A12640080D250 /* Place.m in Sources */ = {isa = PBXBuildFile; fileRef = 24F798E61B39425000F7E4A5 /* Place.m */; };
		24513F091C8A12640080D250 /* _Tweet.m in Sources */ = {isa = PBXBuildFile; fileRef = 24F798E01B39425000F7E4A5 /* _Tweet.m */; };
		24513F0A1C8A12640080D250 /* _Place.m in Sources */ = {isa = PBXBuildFile; fileRef = 24F798DE1B39425000F7E4A5 /* _Place.m */; };
		24513F0C1C8A12640080D250 /* Deserializer.framework in Frameworks */ = {isa = PBXBuildFile; fileRef = 24F7983F1B393FFE00F7E4A5 /* Deserializer.framework */; };
		24513F0E1C8A12640080D250 /* Tweets.h in Headers */ = {isa = PBXBuildFile; fileRef = 24F798EB1B39425000F7E4A5 /* Tweets.h */; settings = {ATTRIBUTES = (Public, ); }; };
		24513F0F1C8A12640080D250 /* _User.h in Headers */ = {isa = PBXBuildFile; fileRef = 24F798E11B39425000F7E4A5 /* _User.h */; settings = {ATTRIBUTES = (Public, ); }; };
		24513F101C8A12640080D250 /* User.h in Headers */ = {isa = PBXBuildFile; fileRef = 24F798E91B39425000F7E4A5 /* User.h */; settings = {ATTRIBUTES = (Public, ); }; };
		24513F111C8A12640080D250 /* Place.h in Headers */ = {isa = PBXBuildFile; fileRef = 24F798E51B39425000F7E4A5 /* Place.h */; settings = {ATTRIBUTES = (Public, ); }; };
		24513F121C8A12640080D250 /* _Place.h in Headers */ = {isa = PBXBuildFile; fileRef = 24F798DD1B39425000F7E4A5 /* _Place.h */; settings = {ATTRIBUTES = (Public, ); }; };
		24513F131C8A12640080D250 /* Hashtag.h in Headers */ = {isa = PBXBuildFile; fileRef = 24F798E31B39425000F7E4A5 /* Hashtag.h */; settings = {ATTRIBUTES = (Public, ); }; };
		24513F141C8A12640080D250 /* _Tweet.h in Headers */ = {isa = PBXBuildFile; fileRef = 24F798DF1B39425000F7E4A5 /* _Tweet.h */; settings = {ATTRIBUTES = (Public, ); }; };
		24513F151C8A12640080D250 /* Tweet.h in Headers */ = {isa = PBXBuildFile; fileRef = 24F798E71B39425000F7E4A5 /* Tweet.h */; settings = {ATTRIBUTES = (Public, ); }; };
		24513F161C8A12640080D250 /* _Hashtag.h in Headers */ = {isa = PBXBuildFile; fileRef = 24F798DB1B39425000F7E4A5 /* _Hashtag.h */; settings = {ATTRIBUTES = (Public, ); }; };
		24513F181C8A12640080D250 /* Tweets.json in Resources */ = {isa = PBXBuildFile; fileRef = 24F7995B1B3945D200F7E4A5 /* Tweets.json */; };
		24513F1D1C8A129A0080D250 /* Deserializer.swift in Sources */ = {isa = PBXBuildFile; fileRef = 24F799781B3972C100F7E4A5 /* Deserializer.swift */; };
		24513F1E1C8A129A0080D250 /* SerializationInfo.swift in Sources */ = {isa = PBXBuildFile; fileRef = 24F799531B39459B00F7E4A5 /* SerializationInfo.swift */; };
		24513F1F1C8A129A0080D250 /* NSAttributeDescription.swift in Sources */ = {isa = PBXBuildFile; fileRef = 24F799751B396B8100F7E4A5 /* NSAttributeDescription.swift */; };
		24513F201C8A129A0080D250 /* NSRelationshipDescription.swift in Sources */ = {isa = PBXBuildFile; fileRef = 24F799541B39459B00F7E4A5 /* NSRelationshipDescription.swift */; };
		24513F211C8A129A0080D250 /* NSPropertyDescription.swift in Sources */ = {isa = PBXBuildFile; fileRef = 24513EAB1C89E5850080D250 /* NSPropertyDescription.swift */; };
		24513F221C8A129A0080D250 /* NSEntityDescription.swift in Sources */ = {isa = PBXBuildFile; fileRef = 24513EAF1C89F2B50080D250 /* NSEntityDescription.swift */; };
		24513F231C8A129A0080D250 /* NSManagedObjectContext.swift in Sources */ = {isa = PBXBuildFile; fileRef = 24513EB21C89F5400080D250 /* NSManagedObjectContext.swift */; };
		24513F241C8A129A0080D250 /* NSManagedObject.swift in Sources */ = {isa = PBXBuildFile; fileRef = 24513EB51C89F6A10080D250 /* NSManagedObject.swift */; };
		24513F251C8A129A0080D250 /* Value.swift in Sources */ = {isa = PBXBuildFile; fileRef = 24513EB81C89FB7F0080D250 /* Value.swift */; };
		24513F261C8A12A80080D250 /* SerializationInfoTests.swift in Sources */ = {isa = PBXBuildFile; fileRef = 24F799301B39456F00F7E4A5 /* SerializationInfoTests.swift */; };
		24513F271C8A12A90080D250 /* SerializationInfoTests.swift in Sources */ = {isa = PBXBuildFile; fileRef = 24F799301B39456F00F7E4A5 /* SerializationInfoTests.swift */; };
		24513F281C8A12AA0080D250 /* DCTTestNumberToStringValueTransformer.m in Sources */ = {isa = PBXBuildFile; fileRef = 24F7991E1B39456F00F7E4A5 /* DCTTestNumberToStringValueTransformer.m */; };
		24513F291C8A12AA0080D250 /* DeserializerTests.swift in Sources */ = {isa = PBXBuildFile; fileRef = 24F7991F1B39456F00F7E4A5 /* DeserializerTests.swift */; };
		24513F2A1C8A12AA0080D250 /* PerformanceTest.swift in Sources */ = {isa = PBXBuildFile; fileRef = 24F7992D1B39456F00F7E4A5 /* PerformanceTest.swift */; };
		24513F2B1C8A12AA0080D250 /* SerializationInfoTests.swift in Sources */ = {isa = PBXBuildFile; fileRef = 24F799301B39456F00F7E4A5 /* SerializationInfoTests.swift */; };
		24513F2C1C8A12AA0080D250 /* URLTransformer.swift in Sources */ = {isa = PBXBuildFile; fileRef = 24F799331B39457000F7E4A5 /* URLTransformer.swift */; };
		24513F2F1C8A134D0080D250 /* Tweets.framework in Frameworks */ = {isa = PBXBuildFile; fileRef = 24513F1C1C8A12640080D250 /* Tweets.framework */; };
		24513F321C8A142E0080D250 /* Deserializer.h in Headers */ = {isa = PBXBuildFile; fileRef = 24F7980A1B393D1300F7E4A5 /* Deserializer.h */; settings = {ATTRIBUTES = (Public, ); }; };
		24F7980B1B393D1300F7E4A5 /* Deserializer.h in Headers */ = {isa = PBXBuildFile; fileRef = 24F7980A1B393D1300F7E4A5 /* Deserializer.h */; settings = {ATTRIBUTES = (Public, ); }; };
		24F798561B39402500F7E4A5 /* Deserializer.h in Headers */ = {isa = PBXBuildFile; fileRef = 24F7980A1B393D1300F7E4A5 /* Deserializer.h */; settings = {ATTRIBUTES = (Public, ); }; };
		24F798601B39415600F7E4A5 /* Deserializer.framework in Frameworks */ = {isa = PBXBuildFile; fileRef = 24F798071B393D1300F7E4A5 /* Deserializer.framework */; };
		24F7986F1B3941AF00F7E4A5 /* Deserializer.framework in Frameworks */ = {isa = PBXBuildFile; fileRef = 24F7983F1B393FFE00F7E4A5 /* Deserializer.framework */; };
		24F7987C1B3941E900F7E4A5 /* AppDelegate.swift in Sources */ = {isa = PBXBuildFile; fileRef = 24F7987B1B3941E900F7E4A5 /* AppDelegate.swift */; };
		24F7987E1B3941E900F7E4A5 /* ViewController.swift in Sources */ = {isa = PBXBuildFile; fileRef = 24F7987D1B3941E900F7E4A5 /* ViewController.swift */; };
		24F798811B3941E900F7E4A5 /* Main.storyboard in Resources */ = {isa = PBXBuildFile; fileRef = 24F7987F1B3941E900F7E4A5 /* Main.storyboard */; };
		24F798831B3941E900F7E4A5 /* Assets.xcassets in Resources */ = {isa = PBXBuildFile; fileRef = 24F798821B3941E900F7E4A5 /* Assets.xcassets */; };
		24F798861B3941E900F7E4A5 /* LaunchScreen.storyboard in Resources */ = {isa = PBXBuildFile; fileRef = 24F798841B3941E900F7E4A5 /* LaunchScreen.storyboard */; };
		24F798921B3941FE00F7E4A5 /* AppDelegate.swift in Sources */ = {isa = PBXBuildFile; fileRef = 24F798911B3941FE00F7E4A5 /* AppDelegate.swift */; };
		24F798941B3941FE00F7E4A5 /* ViewController.swift in Sources */ = {isa = PBXBuildFile; fileRef = 24F798931B3941FE00F7E4A5 /* ViewController.swift */; };
		24F798961B3941FE00F7E4A5 /* Assets.xcassets in Resources */ = {isa = PBXBuildFile; fileRef = 24F798951B3941FE00F7E4A5 /* Assets.xcassets */; };
		24F798991B3941FE00F7E4A5 /* Main.storyboard in Resources */ = {isa = PBXBuildFile; fileRef = 24F798971B3941FE00F7E4A5 /* Main.storyboard */; };
		24F798F31B39425000F7E4A5 /* _Hashtag.h in Headers */ = {isa = PBXBuildFile; fileRef = 24F798DB1B39425000F7E4A5 /* _Hashtag.h */; settings = {ATTRIBUTES = (Public, ); }; };
		24F798F41B39425000F7E4A5 /* _Hashtag.h in Headers */ = {isa = PBXBuildFile; fileRef = 24F798DB1B39425000F7E4A5 /* _Hashtag.h */; settings = {ATTRIBUTES = (Public, ); }; };
		24F798F51B39425000F7E4A5 /* _Hashtag.m in Sources */ = {isa = PBXBuildFile; fileRef = 24F798DC1B39425000F7E4A5 /* _Hashtag.m */; };
		24F798F61B39425000F7E4A5 /* _Hashtag.m in Sources */ = {isa = PBXBuildFile; fileRef = 24F798DC1B39425000F7E4A5 /* _Hashtag.m */; };
		24F798F71B39425000F7E4A5 /* _Place.h in Headers */ = {isa = PBXBuildFile; fileRef = 24F798DD1B39425000F7E4A5 /* _Place.h */; settings = {ATTRIBUTES = (Public, ); }; };
		24F798F81B39425000F7E4A5 /* _Place.h in Headers */ = {isa = PBXBuildFile; fileRef = 24F798DD1B39425000F7E4A5 /* _Place.h */; settings = {ATTRIBUTES = (Public, ); }; };
		24F798F91B39425000F7E4A5 /* _Place.m in Sources */ = {isa = PBXBuildFile; fileRef = 24F798DE1B39425000F7E4A5 /* _Place.m */; };
		24F798FA1B39425000F7E4A5 /* _Place.m in Sources */ = {isa = PBXBuildFile; fileRef = 24F798DE1B39425000F7E4A5 /* _Place.m */; };
		24F798FB1B39425000F7E4A5 /* _Tweet.h in Headers */ = {isa = PBXBuildFile; fileRef = 24F798DF1B39425000F7E4A5 /* _Tweet.h */; settings = {ATTRIBUTES = (Public, ); }; };
		24F798FC1B39425000F7E4A5 /* _Tweet.h in Headers */ = {isa = PBXBuildFile; fileRef = 24F798DF1B39425000F7E4A5 /* _Tweet.h */; settings = {ATTRIBUTES = (Public, ); }; };
		24F798FD1B39425000F7E4A5 /* _Tweet.m in Sources */ = {isa = PBXBuildFile; fileRef = 24F798E01B39425000F7E4A5 /* _Tweet.m */; };
		24F798FE1B39425000F7E4A5 /* _Tweet.m in Sources */ = {isa = PBXBuildFile; fileRef = 24F798E01B39425000F7E4A5 /* _Tweet.m */; };
		24F798FF1B39425000F7E4A5 /* _User.h in Headers */ = {isa = PBXBuildFile; fileRef = 24F798E11B39425000F7E4A5 /* _User.h */; settings = {ATTRIBUTES = (Public, ); }; };
		24F799001B39425000F7E4A5 /* _User.h in Headers */ = {isa = PBXBuildFile; fileRef = 24F798E11B39425000F7E4A5 /* _User.h */; settings = {ATTRIBUTES = (Public, ); }; };
		24F799011B39425000F7E4A5 /* _User.m in Sources */ = {isa = PBXBuildFile; fileRef = 24F798E21B39425000F7E4A5 /* _User.m */; };
		24F799021B39425000F7E4A5 /* _User.m in Sources */ = {isa = PBXBuildFile; fileRef = 24F798E21B39425000F7E4A5 /* _User.m */; };
		24F799031B39425000F7E4A5 /* Hashtag.h in Headers */ = {isa = PBXBuildFile; fileRef = 24F798E31B39425000F7E4A5 /* Hashtag.h */; settings = {ATTRIBUTES = (Public, ); }; };
		24F799041B39425000F7E4A5 /* Hashtag.h in Headers */ = {isa = PBXBuildFile; fileRef = 24F798E31B39425000F7E4A5 /* Hashtag.h */; settings = {ATTRIBUTES = (Public, ); }; };
		24F799051B39425000F7E4A5 /* Hashtag.m in Sources */ = {isa = PBXBuildFile; fileRef = 24F798E41B39425000F7E4A5 /* Hashtag.m */; };
		24F799061B39425000F7E4A5 /* Hashtag.m in Sources */ = {isa = PBXBuildFile; fileRef = 24F798E41B39425000F7E4A5 /* Hashtag.m */; };
		24F799071B39425000F7E4A5 /* Place.h in Headers */ = {isa = PBXBuildFile; fileRef = 24F798E51B39425000F7E4A5 /* Place.h */; settings = {ATTRIBUTES = (Public, ); }; };
		24F799081B39425000F7E4A5 /* Place.h in Headers */ = {isa = PBXBuildFile; fileRef = 24F798E51B39425000F7E4A5 /* Place.h */; settings = {ATTRIBUTES = (Public, ); }; };
		24F799091B39425000F7E4A5 /* Place.m in Sources */ = {isa = PBXBuildFile; fileRef = 24F798E61B39425000F7E4A5 /* Place.m */; };
		24F7990A1B39425000F7E4A5 /* Place.m in Sources */ = {isa = PBXBuildFile; fileRef = 24F798E61B39425000F7E4A5 /* Place.m */; };
		24F7990B1B39425000F7E4A5 /* Tweet.h in Headers */ = {isa = PBXBuildFile; fileRef = 24F798E71B39425000F7E4A5 /* Tweet.h */; settings = {ATTRIBUTES = (Public, ); }; };
		24F7990C1B39425000F7E4A5 /* Tweet.h in Headers */ = {isa = PBXBuildFile; fileRef = 24F798E71B39425000F7E4A5 /* Tweet.h */; settings = {ATTRIBUTES = (Public, ); }; };
		24F7990D1B39425000F7E4A5 /* Tweet.m in Sources */ = {isa = PBXBuildFile; fileRef = 24F798E81B39425000F7E4A5 /* Tweet.m */; };
		24F7990E1B39425000F7E4A5 /* Tweet.m in Sources */ = {isa = PBXBuildFile; fileRef = 24F798E81B39425000F7E4A5 /* Tweet.m */; };
		24F7990F1B39425000F7E4A5 /* User.h in Headers */ = {isa = PBXBuildFile; fileRef = 24F798E91B39425000F7E4A5 /* User.h */; settings = {ATTRIBUTES = (Public, ); }; };
		24F799101B39425000F7E4A5 /* User.h in Headers */ = {isa = PBXBuildFile; fileRef = 24F798E91B39425000F7E4A5 /* User.h */; settings = {ATTRIBUTES = (Public, ); }; };
		24F799111B39425000F7E4A5 /* User.m in Sources */ = {isa = PBXBuildFile; fileRef = 24F798EA1B39425000F7E4A5 /* User.m */; };
		24F799121B39425000F7E4A5 /* User.m in Sources */ = {isa = PBXBuildFile; fileRef = 24F798EA1B39425000F7E4A5 /* User.m */; };
		24F799131B39425000F7E4A5 /* Tweets.h in Headers */ = {isa = PBXBuildFile; fileRef = 24F798EB1B39425000F7E4A5 /* Tweets.h */; settings = {ATTRIBUTES = (Public, ); }; };
		24F799141B39425000F7E4A5 /* Tweets.h in Headers */ = {isa = PBXBuildFile; fileRef = 24F798EB1B39425000F7E4A5 /* Tweets.h */; settings = {ATTRIBUTES = (Public, ); }; };
		24F799151B39425000F7E4A5 /* Tweets.swift in Sources */ = {isa = PBXBuildFile; fileRef = 24F798EC1B39425000F7E4A5 /* Tweets.swift */; };
		24F799161B39425000F7E4A5 /* Tweets.swift in Sources */ = {isa = PBXBuildFile; fileRef = 24F798EC1B39425000F7E4A5 /* Tweets.swift */; };
		24F799171B39425000F7E4A5 /* Twitter.xcdatamodeld in Sources */ = {isa = PBXBuildFile; fileRef = 24F798ED1B39425000F7E4A5 /* Twitter.xcdatamodeld */; };
		24F799181B39425000F7E4A5 /* Twitter.xcdatamodeld in Sources */ = {isa = PBXBuildFile; fileRef = 24F798ED1B39425000F7E4A5 /* Twitter.xcdatamodeld */; };
		24F799361B39457000F7E4A5 /* DCTTestNumberToStringValueTransformer.m in Sources */ = {isa = PBXBuildFile; fileRef = 24F7991E1B39456F00F7E4A5 /* DCTTestNumberToStringValueTransformer.m */; };
		24F799371B39457000F7E4A5 /* DCTTestNumberToStringValueTransformer.m in Sources */ = {isa = PBXBuildFile; fileRef = 24F7991E1B39456F00F7E4A5 /* DCTTestNumberToStringValueTransformer.m */; };
		24F799381B39457000F7E4A5 /* DeserializerTests.swift in Sources */ = {isa = PBXBuildFile; fileRef = 24F7991F1B39456F00F7E4A5 /* DeserializerTests.swift */; };
		24F799391B39457000F7E4A5 /* DeserializerTests.swift in Sources */ = {isa = PBXBuildFile; fileRef = 24F7991F1B39456F00F7E4A5 /* DeserializerTests.swift */; };
		24F7993E1B39457000F7E4A5 /* Event.m in Sources */ = {isa = PBXBuildFile; fileRef = 24F799251B39456F00F7E4A5 /* Event.m */; };
		24F7993F1B39457000F7E4A5 /* Event.m in Sources */ = {isa = PBXBuildFile; fileRef = 24F799251B39456F00F7E4A5 /* Event.m */; };
		24F799401B39457000F7E4A5 /* _Event.m in Sources */ = {isa = PBXBuildFile; fileRef = 24F799281B39456F00F7E4A5 /* _Event.m */; };
		24F799411B39457000F7E4A5 /* _Event.m in Sources */ = {isa = PBXBuildFile; fileRef = 24F799281B39456F00F7E4A5 /* _Event.m */; };
		24F799421B39457000F7E4A5 /* _Person.m in Sources */ = {isa = PBXBuildFile; fileRef = 24F7992A1B39456F00F7E4A5 /* _Person.m */; };
		24F799431B39457000F7E4A5 /* _Person.m in Sources */ = {isa = PBXBuildFile; fileRef = 24F7992A1B39456F00F7E4A5 /* _Person.m */; };
		24F799441B39457000F7E4A5 /* Person.m in Sources */ = {isa = PBXBuildFile; fileRef = 24F7992C1B39456F00F7E4A5 /* Person.m */; };
		24F799451B39457000F7E4A5 /* Person.m in Sources */ = {isa = PBXBuildFile; fileRef = 24F7992C1B39456F00F7E4A5 /* Person.m */; };
		24F799461B39457000F7E4A5 /* PerformanceTest.swift in Sources */ = {isa = PBXBuildFile; fileRef = 24F7992D1B39456F00F7E4A5 /* PerformanceTest.swift */; };
		24F799471B39457000F7E4A5 /* PerformanceTest.swift in Sources */ = {isa = PBXBuildFile; fileRef = 24F7992D1B39456F00F7E4A5 /* PerformanceTest.swift */; };
		24F799481B39457000F7E4A5 /* Person.xcdatamodeld in Sources */ = {isa = PBXBuildFile; fileRef = 24F7992E1B39456F00F7E4A5 /* Person.xcdatamodeld */; };
		24F799491B39457000F7E4A5 /* Person.xcdatamodeld in Sources */ = {isa = PBXBuildFile; fileRef = 24F7992E1B39456F00F7E4A5 /* Person.xcdatamodeld */; };
		24F799501B39457000F7E4A5 /* URLTransformer.swift in Sources */ = {isa = PBXBuildFile; fileRef = 24F799331B39457000F7E4A5 /* URLTransformer.swift */; };
		24F799511B39457000F7E4A5 /* URLTransformer.swift in Sources */ = {isa = PBXBuildFile; fileRef = 24F799331B39457000F7E4A5 /* URLTransformer.swift */; };
		24F799571B39459B00F7E4A5 /* SerializationInfo.swift in Sources */ = {isa = PBXBuildFile; fileRef = 24F799531B39459B00F7E4A5 /* SerializationInfo.swift */; };
		24F799581B39459B00F7E4A5 /* SerializationInfo.swift in Sources */ = {isa = PBXBuildFile; fileRef = 24F799531B39459B00F7E4A5 /* SerializationInfo.swift */; };
		24F799591B39459B00F7E4A5 /* NSRelationshipDescription.swift in Sources */ = {isa = PBXBuildFile; fileRef = 24F799541B39459B00F7E4A5 /* NSRelationshipDescription.swift */; };
		24F7995A1B39459B00F7E4A5 /* NSRelationshipDescription.swift in Sources */ = {isa = PBXBuildFile; fileRef = 24F799541B39459B00F7E4A5 /* NSRelationshipDescription.swift */; };
		24F7995C1B3945D200F7E4A5 /* Tweets.json in Resources */ = {isa = PBXBuildFile; fileRef = 24F7995B1B3945D200F7E4A5 /* Tweets.json */; };
		24F7995D1B3945D200F7E4A5 /* Tweets.json in Resources */ = {isa = PBXBuildFile; fileRef = 24F7995B1B3945D200F7E4A5 /* Tweets.json */; };
		24F7995E1B3945E700F7E4A5 /* Deserializer.framework in Frameworks */ = {isa = PBXBuildFile; fileRef = 24F798071B393D1300F7E4A5 /* Deserializer.framework */; };
		24F7995F1B3945EF00F7E4A5 /* Deserializer.framework in Frameworks */ = {isa = PBXBuildFile; fileRef = 24F7983F1B393FFE00F7E4A5 /* Deserializer.framework */; };
		24F799601B39460700F7E4A5 /* Tweets.framework in Frameworks */ = {isa = PBXBuildFile; fileRef = 24F798A31B39421A00F7E4A5 /* Tweets.framework */; };
		24F799611B39460B00F7E4A5 /* Tweets.framework in Frameworks */ = {isa = PBXBuildFile; fileRef = 24F798BF1B39423300F7E4A5 /* Tweets.framework */; };
		24F799661B394C7F00F7E4A5 /* DCTManagedObjectSerialization_Tests.h in Headers */ = {isa = PBXBuildFile; fileRef = 24F799641B394C2C00F7E4A5 /* DCTManagedObjectSerialization_Tests.h */; settings = {ATTRIBUTES = (Public, ); }; };
		24F799681B394E7B00F7E4A5 /* Tweets.framework in Frameworks */ = {isa = PBXBuildFile; fileRef = 24F798A31B39421A00F7E4A5 /* Tweets.framework */; };
		24F799691B394E7B00F7E4A5 /* Tweets.framework in Embed Frameworks */ = {isa = PBXBuildFile; fileRef = 24F798A31B39421A00F7E4A5 /* Tweets.framework */; settings = {ATTRIBUTES = (CodeSignOnCopy, RemoveHeadersOnCopy, ); }; };
		24F799711B39532D00F7E4A5 /* Deserializer.framework in Frameworks */ = {isa = PBXBuildFile; fileRef = 24F798071B393D1300F7E4A5 /* Deserializer.framework */; };
		24F799721B39532D00F7E4A5 /* Deserializer.framework in Embed Frameworks */ = {isa = PBXBuildFile; fileRef = 24F798071B393D1300F7E4A5 /* Deserializer.framework */; settings = {ATTRIBUTES = (CodeSignOnCopy, RemoveHeadersOnCopy, ); }; };
		24F799761B396B8100F7E4A5 /* NSAttributeDescription.swift in Sources */ = {isa = PBXBuildFile; fileRef = 24F799751B396B8100F7E4A5 /* NSAttributeDescription.swift */; };
		24F799771B396B8100F7E4A5 /* NSAttributeDescription.swift in Sources */ = {isa = PBXBuildFile; fileRef = 24F799751B396B8100F7E4A5 /* NSAttributeDescription.swift */; };
		24F799791B3972C100F7E4A5 /* Deserializer.swift in Sources */ = {isa = PBXBuildFile; fileRef = 24F799781B3972C100F7E4A5 /* Deserializer.swift */; };
		24F7997A1B3972C100F7E4A5 /* Deserializer.swift in Sources */ = {isa = PBXBuildFile; fileRef = 24F799781B3972C100F7E4A5 /* Deserializer.swift */; };
/* End PBXBuildFile section */

/* Begin PBXContainerItemProxy section */
		24513EFA1C8A123C0080D250 /* PBXContainerItemProxy */ = {
			isa = PBXContainerItemProxy;
			containerPortal = 24F797FE1B393D1300F7E4A5 /* Project object */;
			proxyType = 1;
			remoteGlobalIDString = 24513EE71C8A119D0080D250;
			remoteInfo = "Deserializer tvOS";
		};
		24513F2D1C8A12C60080D250 /* PBXContainerItemProxy */ = {
			isa = PBXContainerItemProxy;
			containerPortal = 24F797FE1B393D1300F7E4A5 /* Project object */;
			proxyType = 1;
			remoteGlobalIDString = 24513EFF1C8A12640080D250;
			remoteInfo = "Tweets tvOS";
		};
		24513F301C8A13590080D250 /* PBXContainerItemProxy */ = {
			isa = PBXContainerItemProxy;
			containerPortal = 24F797FE1B393D1300F7E4A5 /* Project object */;
			proxyType = 1;
			remoteGlobalIDString = 24F798BE1B39423300F7E4A5;
			remoteInfo = "Tweets OS X";
		};
		24F798701B3941AF00F7E4A5 /* PBXContainerItemProxy */ = {
			isa = PBXContainerItemProxy;
			containerPortal = 24F797FE1B393D1300F7E4A5 /* Project object */;
			proxyType = 1;
			remoteGlobalIDString = 24F7983E1B393FFE00F7E4A5;
			remoteInfo = "DCTManagedObjectSerialization OS X";
		};
		24F7996A1B394E7B00F7E4A5 /* PBXContainerItemProxy */ = {
			isa = PBXContainerItemProxy;
			containerPortal = 24F797FE1B393D1300F7E4A5 /* Project object */;
			proxyType = 1;
			remoteGlobalIDString = 24F798A21B39421A00F7E4A5;
			remoteInfo = "Tweets iOS";
		};
		24F7996D1B39503E00F7E4A5 /* PBXContainerItemProxy */ = {
			isa = PBXContainerItemProxy;
			containerPortal = 24F797FE1B393D1300F7E4A5 /* Project object */;
			proxyType = 1;
			remoteGlobalIDString = 24F798061B393D1300F7E4A5;
			remoteInfo = "DCTManagedObjectSerialization iOS";
		};
		24F7996F1B39503E00F7E4A5 /* PBXContainerItemProxy */ = {
			isa = PBXContainerItemProxy;
			containerPortal = 24F797FE1B393D1300F7E4A5 /* Project object */;
			proxyType = 1;
			remoteGlobalIDString = 24F798A21B39421A00F7E4A5;
			remoteInfo = "Tweets iOS";
		};
		24F799731B39532D00F7E4A5 /* PBXContainerItemProxy */ = {
			isa = PBXContainerItemProxy;
			containerPortal = 24F797FE1B393D1300F7E4A5 /* Project object */;
			proxyType = 1;
			remoteGlobalIDString = 24F798061B393D1300F7E4A5;
			remoteInfo = "DCTManagedObjectSerialization iOS";
		};
/* End PBXContainerItemProxy section */

/* Begin PBXCopyFilesBuildPhase section */
		24F7996C1B394E7B00F7E4A5 /* Embed Frameworks */ = {
			isa = PBXCopyFilesBuildPhase;
			buildActionMask = 2147483647;
			dstPath = "";
			dstSubfolderSpec = 10;
			files = (
				24F799721B39532D00F7E4A5 /* Deserializer.framework in Embed Frameworks */,
				24F799691B394E7B00F7E4A5 /* Tweets.framework in Embed Frameworks */,
			);
			name = "Embed Frameworks";
			runOnlyForDeploymentPostprocessing = 0;
		};
/* End PBXCopyFilesBuildPhase section */

/* Begin PBXFileReference section */
		24513EAB1C89E5850080D250 /* NSPropertyDescription.swift */ = {isa = PBXFileReference; fileEncoding = 4; lastKnownFileType = sourcecode.swift; path = NSPropertyDescription.swift; sourceTree = "<group>"; };
		24513EAF1C89F2B50080D250 /* NSEntityDescription.swift */ = {isa = PBXFileReference; fileEncoding = 4; lastKnownFileType = sourcecode.swift; path = NSEntityDescription.swift; sourceTree = "<group>"; };
		24513EB21C89F5400080D250 /* NSManagedObjectContext.swift */ = {isa = PBXFileReference; fileEncoding = 4; lastKnownFileType = sourcecode.swift; path = NSManagedObjectContext.swift; sourceTree = "<group>"; };
		24513EB51C89F6A10080D250 /* NSManagedObject.swift */ = {isa = PBXFileReference; fileEncoding = 4; lastKnownFileType = sourcecode.swift; path = NSManagedObject.swift; sourceTree = "<group>"; };
		24513EB81C89FB7F0080D250 /* Value.swift */ = {isa = PBXFileReference; fileEncoding = 4; lastKnownFileType = sourcecode.swift; path = Value.swift; sourceTree = "<group>"; };
		24513EBC1C8A104D0080D250 /* .gitignore */ = {isa = PBXFileReference; lastKnownFileType = text; path = .gitignore; sourceTree = "<group>"; };
		24513EBD1C8A104D0080D250 /* Application.xcconfig */ = {isa = PBXFileReference; lastKnownFileType = text.xcconfig; path = Application.xcconfig; sourceTree = "<group>"; };
		24513EBE1C8A104D0080D250 /* Debug.xcconfig */ = {isa = PBXFileReference; lastKnownFileType = text.xcconfig; path = Debug.xcconfig; sourceTree = "<group>"; };
		24513EBF1C8A104D0080D250 /* Extension.xcconfig */ = {isa = PBXFileReference; lastKnownFileType = text.xcconfig; path = Extension.xcconfig; sourceTree = "<group>"; };
		24513EC01C8A104D0080D250 /* Framework.xcconfig */ = {isa = PBXFileReference; lastKnownFileType = text.xcconfig; path = Framework.xcconfig; sourceTree = "<group>"; };
		24513EC11C8A104D0080D250 /* generate-version.sh */ = {isa = PBXFileReference; lastKnownFileType = text.script.sh; path = "generate-version.sh"; sourceTree = "<group>"; };
		24513EC31C8A104D0080D250 /* iOS Application.xcconfig */ = {isa = PBXFileReference; lastKnownFileType = text.xcconfig; path = "iOS Application.xcconfig"; sourceTree = "<group>"; };
		24513EC41C8A104D0080D250 /* iOS Bundle.xcconfig */ = {isa = PBXFileReference; lastKnownFileType = text.xcconfig; path = "iOS Bundle.xcconfig"; sourceTree = "<group>"; };
		24513EC51C8A104D0080D250 /* iOS Extension.xcconfig */ = {isa = PBXFileReference; lastKnownFileType = text.xcconfig; path = "iOS Extension.xcconfig"; sourceTree = "<group>"; };
		24513EC61C8A104D0080D250 /* iOS Framework.xcconfig */ = {isa = PBXFileReference; lastKnownFileType = text.xcconfig; path = "iOS Framework.xcconfig"; sourceTree = "<group>"; };
		24513EC71C8A104D0080D250 /* iOS Static Library.xcconfig */ = {isa = PBXFileReference; lastKnownFileType = text.xcconfig; path = "iOS Static Library.xcconfig"; sourceTree = "<group>"; };
		24513EC81C8A104D0080D250 /* iOS Tests.xcconfig */ = {isa = PBXFileReference; lastKnownFileType = text.xcconfig; path = "iOS Tests.xcconfig"; sourceTree = "<group>"; };
		24513EC91C8A104D0080D250 /* iOS UI Tests.xcconfig */ = {isa = PBXFileReference; lastKnownFileType = text.xcconfig; path = "iOS UI Tests.xcconfig"; sourceTree = "<group>"; };
		24513ECA1C8A104D0080D250 /* iOS.xcconfig */ = {isa = PBXFileReference; lastKnownFileType = text.xcconfig; path = iOS.xcconfig; sourceTree = "<group>"; };
		24513ECC1C8A104D0080D250 /* OS X Application.xcconfig */ = {isa = PBXFileReference; lastKnownFileType = text.xcconfig; path = "OS X Application.xcconfig"; sourceTree = "<group>"; };
		24513ECD1C8A104D0080D250 /* OS X Extension.xcconfig */ = {isa = PBXFileReference; lastKnownFileType = text.xcconfig; path = "OS X Extension.xcconfig"; sourceTree = "<group>"; };
		24513ECE1C8A104D0080D250 /* OS X Framework.xcconfig */ = {isa = PBXFileReference; lastKnownFileType = text.xcconfig; path = "OS X Framework.xcconfig"; sourceTree = "<group>"; };
		24513ECF1C8A104D0080D250 /* OS X Tests.xcconfig */ = {isa = PBXFileReference; lastKnownFileType = text.xcconfig; path = "OS X Tests.xcconfig"; sourceTree = "<group>"; };
		24513ED01C8A104D0080D250 /* OS X UI Tests.xcconfig */ = {isa = PBXFileReference; lastKnownFileType = text.xcconfig; path = "OS X UI Tests.xcconfig"; sourceTree = "<group>"; };
		24513ED11C8A104D0080D250 /* OS X.xcconfig */ = {isa = PBXFileReference; lastKnownFileType = text.xcconfig; path = "OS X.xcconfig"; sourceTree = "<group>"; };
		24513ED21C8A104D0080D250 /* Release.xcconfig */ = {isa = PBXFileReference; lastKnownFileType = text.xcconfig; path = Release.xcconfig; sourceTree = "<group>"; };
		24513ED31C8A104D0080D250 /* Shared.xcconfig */ = {isa = PBXFileReference; lastKnownFileType = text.xcconfig; path = Shared.xcconfig; sourceTree = "<group>"; };
		24513ED41C8A104D0080D250 /* Tests.xcconfig */ = {isa = PBXFileReference; lastKnownFileType = text.xcconfig; path = Tests.xcconfig; sourceTree = "<group>"; };
		24513ED61C8A104D0080D250 /* tvOS Application.xcconfig */ = {isa = PBXFileReference; lastKnownFileType = text.xcconfig; path = "tvOS Application.xcconfig"; sourceTree = "<group>"; };
		24513ED71C8A104D0080D250 /* tvOS Extension.xcconfig */ = {isa = PBXFileReference; lastKnownFileType = text.xcconfig; path = "tvOS Extension.xcconfig"; sourceTree = "<group>"; };
		24513ED81C8A104D0080D250 /* tvOS Framework.xcconfig */ = {isa = PBXFileReference; lastKnownFileType = text.xcconfig; path = "tvOS Framework.xcconfig"; sourceTree = "<group>"; };
		24513ED91C8A104D0080D250 /* tvOS Tests.xcconfig */ = {isa = PBXFileReference; lastKnownFileType = text.xcconfig; path = "tvOS Tests.xcconfig"; sourceTree = "<group>"; };
		24513EDA1C8A104D0080D250 /* tvOS UI Tests.xcconfig */ = {isa = PBXFileReference; lastKnownFileType = text.xcconfig; path = "tvOS UI Tests.xcconfig"; sourceTree = "<group>"; };
		24513EDB1C8A104D0080D250 /* tvOS.xcconfig */ = {isa = PBXFileReference; lastKnownFileType = text.xcconfig; path = tvOS.xcconfig; sourceTree = "<group>"; };
		24513EDC1C8A104D0080D250 /* UI Tests.xcconfig */ = {isa = PBXFileReference; lastKnownFileType = text.xcconfig; path = "UI Tests.xcconfig"; sourceTree = "<group>"; };
		24513EDD1C8A104D0080D250 /* update.sh */ = {isa = PBXFileReference; lastKnownFileType = text.script.sh; path = update.sh; sourceTree = "<group>"; };
		24513EDF1C8A104D0080D250 /* watchOS Application.xcconfig */ = {isa = PBXFileReference; lastKnownFileType = text.xcconfig; path = "watchOS Application.xcconfig"; sourceTree = "<group>"; };
		24513EE01C8A104D0080D250 /* watchOS Extension.xcconfig */ = {isa = PBXFileReference; lastKnownFileType = text.xcconfig; path = "watchOS Extension.xcconfig"; sourceTree = "<group>"; };
		24513EE11C8A104D0080D250 /* watchOS Framework.xcconfig */ = {isa = PBXFileReference; lastKnownFileType = text.xcconfig; path = "watchOS Framework.xcconfig"; sourceTree = "<group>"; };
		24513EE21C8A104D0080D250 /* watchOS.xcconfig */ = {isa = PBXFileReference; lastKnownFileType = text.xcconfig; path = watchOS.xcconfig; sourceTree = "<group>"; };
		24513EE81C8A119D0080D250 /* Deserializer.framework */ = {isa = PBXFileReference; explicitFileType = wrapper.framework; includeInIndex = 0; path = Deserializer.framework; sourceTree = BUILT_PRODUCTS_DIR; };
		24513EF41C8A123B0080D250 /* Deserializer Tests.xctest */ = {isa = PBXFileReference; explicitFileType = wrapper.cfbundle; includeInIndex = 0; path = "Deserializer Tests.xctest"; sourceTree = BUILT_PRODUCTS_DIR; };
		24513F1C1C8A12640080D250 /* Tweets.framework */ = {isa = PBXFileReference; explicitFileType = wrapper.framework; includeInIndex = 0; path = Tweets.framework; sourceTree = BUILT_PRODUCTS_DIR; };
		24F798071B393D1300F7E4A5 /* Deserializer.framework */ = {isa = PBXFileReference; explicitFileType = wrapper.framework; includeInIndex = 0; path = Deserializer.framework; sourceTree = BUILT_PRODUCTS_DIR; };
		24F7980A1B393D1300F7E4A5 /* Deserializer.h */ = {isa = PBXFileReference; lastKnownFileType = sourcecode.c.h; path = Deserializer.h; sourceTree = "<group>"; };
		24F7980C1B393D1300F7E4A5 /* Info.plist */ = {isa = PBXFileReference; lastKnownFileType = text.plist.xml; path = Info.plist; sourceTree = "<group>"; };
		24F7983F1B393FFE00F7E4A5 /* Deserializer.framework */ = {isa = PBXFileReference; explicitFileType = wrapper.framework; includeInIndex = 0; path = Deserializer.framework; sourceTree = BUILT_PRODUCTS_DIR; };
		24F7985B1B39415600F7E4A5 /* Deserializer Tests.xctest */ = {isa = PBXFileReference; explicitFileType = wrapper.cfbundle; includeInIndex = 0; path = "Deserializer Tests.xctest"; sourceTree = BUILT_PRODUCTS_DIR; };
		24F7986A1B3941AF00F7E4A5 /* Deserializer Tests.xctest */ = {isa = PBXFileReference; explicitFileType = wrapper.cfbundle; includeInIndex = 0; path = "Deserializer Tests.xctest"; sourceTree = BUILT_PRODUCTS_DIR; };
		24F798791B3941E900F7E4A5 /* Deserializer.app */ = {isa = PBXFileReference; explicitFileType = wrapper.application; includeInIndex = 0; path = Deserializer.app; sourceTree = BUILT_PRODUCTS_DIR; };
		24F7987B1B3941E900F7E4A5 /* AppDelegate.swift */ = {isa = PBXFileReference; lastKnownFileType = sourcecode.swift; path = AppDelegate.swift; sourceTree = "<group>"; };
		24F7987D1B3941E900F7E4A5 /* ViewController.swift */ = {isa = PBXFileReference; lastKnownFileType = sourcecode.swift; path = ViewController.swift; sourceTree = "<group>"; };
		24F798801B3941E900F7E4A5 /* Base */ = {isa = PBXFileReference; lastKnownFileType = file.storyboard; name = Base; path = Base.lproj/Main.storyboard; sourceTree = "<group>"; };
		24F798821B3941E900F7E4A5 /* Assets.xcassets */ = {isa = PBXFileReference; lastKnownFileType = folder.assetcatalog; path = Assets.xcassets; sourceTree = "<group>"; };
		24F798851B3941E900F7E4A5 /* Base */ = {isa = PBXFileReference; lastKnownFileType = file.storyboard; name = Base; path = Base.lproj/LaunchScreen.storyboard; sourceTree = "<group>"; };
		24F798871B3941E900F7E4A5 /* Info.plist */ = {isa = PBXFileReference; lastKnownFileType = text.plist.xml; path = Info.plist; sourceTree = "<group>"; };
		24F7988F1B3941FE00F7E4A5 /* Deserializer.app */ = {isa = PBXFileReference; explicitFileType = wrapper.application; includeInIndex = 0; path = Deserializer.app; sourceTree = BUILT_PRODUCTS_DIR; };
		24F798911B3941FE00F7E4A5 /* AppDelegate.swift */ = {isa = PBXFileReference; lastKnownFileType = sourcecode.swift; path = AppDelegate.swift; sourceTree = "<group>"; };
		24F798931B3941FE00F7E4A5 /* ViewController.swift */ = {isa = PBXFileReference; lastKnownFileType = sourcecode.swift; path = ViewController.swift; sourceTree = "<group>"; };
		24F798951B3941FE00F7E4A5 /* Assets.xcassets */ = {isa = PBXFileReference; lastKnownFileType = folder.assetcatalog; path = Assets.xcassets; sourceTree = "<group>"; };
		24F798981B3941FE00F7E4A5 /* Base */ = {isa = PBXFileReference; lastKnownFileType = file.storyboard; name = Base; path = Base.lproj/Main.storyboard; sourceTree = "<group>"; };
		24F7989A1B3941FE00F7E4A5 /* Info.plist */ = {isa = PBXFileReference; lastKnownFileType = text.plist.xml; path = Info.plist; sourceTree = "<group>"; };
		24F798A31B39421A00F7E4A5 /* Tweets.framework */ = {isa = PBXFileReference; explicitFileType = wrapper.framework; includeInIndex = 0; path = Tweets.framework; sourceTree = BUILT_PRODUCTS_DIR; };
		24F798BF1B39423300F7E4A5 /* Tweets.framework */ = {isa = PBXFileReference; explicitFileType = wrapper.framework; includeInIndex = 0; path = Tweets.framework; sourceTree = BUILT_PRODUCTS_DIR; };
		24F798D81B39425000F7E4A5 /* Info.plist */ = {isa = PBXFileReference; fileEncoding = 4; lastKnownFileType = text.plist.xml; path = Info.plist; sourceTree = "<group>"; };
		24F798DB1B39425000F7E4A5 /* _Hashtag.h */ = {isa = PBXFileReference; fileEncoding = 4; lastKnownFileType = sourcecode.c.h; path = _Hashtag.h; sourceTree = "<group>"; };
		24F798DC1B39425000F7E4A5 /* _Hashtag.m */ = {isa = PBXFileReference; fileEncoding = 4; lastKnownFileType = sourcecode.c.objc; path = _Hashtag.m; sourceTree = "<group>"; };
		24F798DD1B39425000F7E4A5 /* _Place.h */ = {isa = PBXFileReference; fileEncoding = 4; lastKnownFileType = sourcecode.c.h; path = _Place.h; sourceTree = "<group>"; };
		24F798DE1B39425000F7E4A5 /* _Place.m */ = {isa = PBXFileReference; fileEncoding = 4; lastKnownFileType = sourcecode.c.objc; path = _Place.m; sourceTree = "<group>"; };
		24F798DF1B39425000F7E4A5 /* _Tweet.h */ = {isa = PBXFileReference; fileEncoding = 4; lastKnownFileType = sourcecode.c.h; path = _Tweet.h; sourceTree = "<group>"; };
		24F798E01B39425000F7E4A5 /* _Tweet.m */ = {isa = PBXFileReference; fileEncoding = 4; lastKnownFileType = sourcecode.c.objc; path = _Tweet.m; sourceTree = "<group>"; };
		24F798E11B39425000F7E4A5 /* _User.h */ = {isa = PBXFileReference; fileEncoding = 4; lastKnownFileType = sourcecode.c.h; path = _User.h; sourceTree = "<group>"; };
		24F798E21B39425000F7E4A5 /* _User.m */ = {isa = PBXFileReference; fileEncoding = 4; lastKnownFileType = sourcecode.c.objc; path = _User.m; sourceTree = "<group>"; };
		24F798E31B39425000F7E4A5 /* Hashtag.h */ = {isa = PBXFileReference; fileEncoding = 4; lastKnownFileType = sourcecode.c.h; path = Hashtag.h; sourceTree = "<group>"; };
		24F798E41B39425000F7E4A5 /* Hashtag.m */ = {isa = PBXFileReference; fileEncoding = 4; lastKnownFileType = sourcecode.c.objc; path = Hashtag.m; sourceTree = "<group>"; };
		24F798E51B39425000F7E4A5 /* Place.h */ = {isa = PBXFileReference; fileEncoding = 4; lastKnownFileType = sourcecode.c.h; path = Place.h; sourceTree = "<group>"; };
		24F798E61B39425000F7E4A5 /* Place.m */ = {isa = PBXFileReference; fileEncoding = 4; lastKnownFileType = sourcecode.c.objc; path = Place.m; sourceTree = "<group>"; };
		24F798E71B39425000F7E4A5 /* Tweet.h */ = {isa = PBXFileReference; fileEncoding = 4; lastKnownFileType = sourcecode.c.h; path = Tweet.h; sourceTree = "<group>"; };
		24F798E81B39425000F7E4A5 /* Tweet.m */ = {isa = PBXFileReference; fileEncoding = 4; lastKnownFileType = sourcecode.c.objc; path = Tweet.m; sourceTree = "<group>"; };
		24F798E91B39425000F7E4A5 /* User.h */ = {isa = PBXFileReference; fileEncoding = 4; lastKnownFileType = sourcecode.c.h; path = User.h; sourceTree = "<group>"; };
		24F798EA1B39425000F7E4A5 /* User.m */ = {isa = PBXFileReference; fileEncoding = 4; lastKnownFileType = sourcecode.c.objc; path = User.m; sourceTree = "<group>"; };
		24F798EB1B39425000F7E4A5 /* Tweets.h */ = {isa = PBXFileReference; fileEncoding = 4; lastKnownFileType = sourcecode.c.h; path = Tweets.h; sourceTree = "<group>"; };
		24F798EC1B39425000F7E4A5 /* Tweets.swift */ = {isa = PBXFileReference; fileEncoding = 4; lastKnownFileType = sourcecode.swift; path = Tweets.swift; sourceTree = "<group>"; };
		24F798EE1B39425000F7E4A5 /* Twitter.xcdatamodel */ = {isa = PBXFileReference; lastKnownFileType = wrapper.xcdatamodel; path = Twitter.xcdatamodel; sourceTree = "<group>"; };
		24F7991A1B39456F00F7E4A5 /* Bridging.h */ = {isa = PBXFileReference; fileEncoding = 4; lastKnownFileType = sourcecode.c.h; path = Bridging.h; sourceTree = "<group>"; };
		24F7991D1B39456F00F7E4A5 /* DCTTestNumberToStringValueTransformer.h */ = {isa = PBXFileReference; fileEncoding = 4; lastKnownFileType = sourcecode.c.h; path = DCTTestNumberToStringValueTransformer.h; sourceTree = "<group>"; };
		24F7991E1B39456F00F7E4A5 /* DCTTestNumberToStringValueTransformer.m */ = {isa = PBXFileReference; fileEncoding = 4; lastKnownFileType = sourcecode.c.objc; path = DCTTestNumberToStringValueTransformer.m; sourceTree = "<group>"; };
		24F7991F1B39456F00F7E4A5 /* DeserializerTests.swift */ = {isa = PBXFileReference; fileEncoding = 4; lastKnownFileType = sourcecode.swift; path = DeserializerTests.swift; sourceTree = "<group>"; };
		24F799221B39456F00F7E4A5 /* Info.plist */ = {isa = PBXFileReference; fileEncoding = 4; lastKnownFileType = text.plist.xml; path = Info.plist; sourceTree = "<group>"; };
		24F799241B39456F00F7E4A5 /* Event.h */ = {isa = PBXFileReference; fileEncoding = 4; lastKnownFileType = sourcecode.c.h; path = Event.h; sourceTree = "<group>"; };
		24F799251B39456F00F7E4A5 /* Event.m */ = {isa = PBXFileReference; fileEncoding = 4; lastKnownFileType = sourcecode.c.objc; path = Event.m; sourceTree = "<group>"; };
		24F799271B39456F00F7E4A5 /* _Event.h */ = {isa = PBXFileReference; fileEncoding = 4; lastKnownFileType = sourcecode.c.h; path = _Event.h; sourceTree = "<group>"; };
		24F799281B39456F00F7E4A5 /* _Event.m */ = {isa = PBXFileReference; fileEncoding = 4; lastKnownFileType = sourcecode.c.objc; path = _Event.m; sourceTree = "<group>"; };
		24F799291B39456F00F7E4A5 /* _Person.h */ = {isa = PBXFileReference; fileEncoding = 4; lastKnownFileType = sourcecode.c.h; path = _Person.h; sourceTree = "<group>"; };
		24F7992A1B39456F00F7E4A5 /* _Person.m */ = {isa = PBXFileReference; fileEncoding = 4; lastKnownFileType = sourcecode.c.objc; path = _Person.m; sourceTree = "<group>"; };
		24F7992B1B39456F00F7E4A5 /* Person.h */ = {isa = PBXFileReference; fileEncoding = 4; lastKnownFileType = sourcecode.c.h; path = Person.h; sourceTree = "<group>"; };
		24F7992C1B39456F00F7E4A5 /* Person.m */ = {isa = PBXFileReference; fileEncoding = 4; lastKnownFileType = sourcecode.c.objc; path = Person.m; sourceTree = "<group>"; };
		24F7992D1B39456F00F7E4A5 /* PerformanceTest.swift */ = {isa = PBXFileReference; fileEncoding = 4; lastKnownFileType = sourcecode.swift; path = PerformanceTest.swift; sourceTree = "<group>"; };
		24F7992F1B39456F00F7E4A5 /* Person.xcdatamodel */ = {isa = PBXFileReference; lastKnownFileType = wrapper.xcdatamodel; path = Person.xcdatamodel; sourceTree = "<group>"; };
		24F799301B39456F00F7E4A5 /* SerializationInfoTests.swift */ = {isa = PBXFileReference; fileEncoding = 4; lastKnownFileType = sourcecode.swift; path = SerializationInfoTests.swift; sourceTree = "<group>"; };
		24F799331B39457000F7E4A5 /* URLTransformer.swift */ = {isa = PBXFileReference; fileEncoding = 4; lastKnownFileType = sourcecode.swift; path = URLTransformer.swift; sourceTree = "<group>"; };
		24F799531B39459B00F7E4A5 /* SerializationInfo.swift */ = {isa = PBXFileReference; fileEncoding = 4; lastKnownFileType = sourcecode.swift; path = SerializationInfo.swift; sourceTree = "<group>"; };
		24F799541B39459B00F7E4A5 /* NSRelationshipDescription.swift */ = {isa = PBXFileReference; fileEncoding = 4; lastKnownFileType = sourcecode.swift; path = NSRelationshipDescription.swift; sourceTree = "<group>"; };
		24F7995B1B3945D200F7E4A5 /* Tweets.json */ = {isa = PBXFileReference; fileEncoding = 4; lastKnownFileType = text.json; path = Tweets.json; sourceTree = "<group>"; };
		24F799641B394C2C00F7E4A5 /* DCTManagedObjectSerialization_Tests.h */ = {isa = PBXFileReference; fileEncoding = 4; lastKnownFileType = sourcecode.c.h; path = DCTManagedObjectSerialization_Tests.h; sourceTree = "<group>"; };
		24F799751B396B8100F7E4A5 /* NSAttributeDescription.swift */ = {isa = PBXFileReference; fileEncoding = 4; lastKnownFileType = sourcecode.swift; path = NSAttributeDescription.swift; sourceTree = "<group>"; };
		24F799781B3972C100F7E4A5 /* Deserializer.swift */ = {isa = PBXFileReference; fileEncoding = 4; lastKnownFileType = sourcecode.swift; path = Deserializer.swift; sourceTree = "<group>"; };
/* End PBXFileReference section */

/* Begin PBXFrameworksBuildPhase section */
		24513EE41C8A119D0080D250 /* Frameworks */ = {
			isa = PBXFrameworksBuildPhase;
			buildActionMask = 2147483647;
			files = (
			);
			runOnlyForDeploymentPostprocessing = 0;
		};
		24513EF11C8A123B0080D250 /* Frameworks */ = {
			isa = PBXFrameworksBuildPhase;
			buildActionMask = 2147483647;
			files = (
				24513EF91C8A123C0080D250 /* Deserializer.framework in Frameworks */,
				24513F2F1C8A134D0080D250 /* Tweets.framework in Frameworks */,
			);
			runOnlyForDeploymentPostprocessing = 0;
		};
		24513F0B1C8A12640080D250 /* Frameworks */ = {
			isa = PBXFrameworksBuildPhase;
			buildActionMask = 2147483647;
			files = (
				24513F0C1C8A12640080D250 /* Deserializer.framework in Frameworks */,
			);
			runOnlyForDeploymentPostprocessing = 0;
		};
		24F798031B393D1300F7E4A5 /* Frameworks */ = {
			isa = PBXFrameworksBuildPhase;
			buildActionMask = 2147483647;
			files = (
			);
			runOnlyForDeploymentPostprocessing = 0;
		};
		24F7983B1B393FFE00F7E4A5 /* Frameworks */ = {
			isa = PBXFrameworksBuildPhase;
			buildActionMask = 2147483647;
			files = (
			);
			runOnlyForDeploymentPostprocessing = 0;
		};
		24F798581B39415600F7E4A5 /* Frameworks */ = {
			isa = PBXFrameworksBuildPhase;
			buildActionMask = 2147483647;
			files = (
				24F798601B39415600F7E4A5 /* Deserializer.framework in Frameworks */,
				24F799601B39460700F7E4A5 /* Tweets.framework in Frameworks */,
			);
			runOnlyForDeploymentPostprocessing = 0;
		};
		24F798671B3941AF00F7E4A5 /* Frameworks */ = {
			isa = PBXFrameworksBuildPhase;
			buildActionMask = 2147483647;
			files = (
				24F7986F1B3941AF00F7E4A5 /* Deserializer.framework in Frameworks */,
				24F799611B39460B00F7E4A5 /* Tweets.framework in Frameworks */,
			);
			runOnlyForDeploymentPostprocessing = 0;
		};
		24F798761B3941E900F7E4A5 /* Frameworks */ = {
			isa = PBXFrameworksBuildPhase;
			buildActionMask = 2147483647;
			files = (
				24F799711B39532D00F7E4A5 /* Deserializer.framework in Frameworks */,
				24F799681B394E7B00F7E4A5 /* Tweets.framework in Frameworks */,
			);
			runOnlyForDeploymentPostprocessing = 0;
		};
		24F7988C1B3941FE00F7E4A5 /* Frameworks */ = {
			isa = PBXFrameworksBuildPhase;
			buildActionMask = 2147483647;
			files = (
			);
			runOnlyForDeploymentPostprocessing = 0;
		};
		24F7989F1B39421A00F7E4A5 /* Frameworks */ = {
			isa = PBXFrameworksBuildPhase;
			buildActionMask = 2147483647;
			files = (
				24F7995E1B3945E700F7E4A5 /* Deserializer.framework in Frameworks */,
			);
			runOnlyForDeploymentPostprocessing = 0;
		};
		24F798BB1B39423300F7E4A5 /* Frameworks */ = {
			isa = PBXFrameworksBuildPhase;
			buildActionMask = 2147483647;
			files = (
				24F7995F1B3945EF00F7E4A5 /* Deserializer.framework in Frameworks */,
			);
			runOnlyForDeploymentPostprocessing = 0;
		};
/* End PBXFrameworksBuildPhase section */

/* Begin PBXGroup section */
		24513EBB1C8A104D0080D250 /* Configurations */ = {
			isa = PBXGroup;
			children = (
				24513EBC1C8A104D0080D250 /* .gitignore */,
				24513EBD1C8A104D0080D250 /* Application.xcconfig */,
				24513EBE1C8A104D0080D250 /* Debug.xcconfig */,
				24513EBF1C8A104D0080D250 /* Extension.xcconfig */,
				24513EC01C8A104D0080D250 /* Framework.xcconfig */,
				24513EC11C8A104D0080D250 /* generate-version.sh */,
				24513EC21C8A104D0080D250 /* iOS */,
				24513ECB1C8A104D0080D250 /* OS X */,
				24513ED21C8A104D0080D250 /* Release.xcconfig */,
				24513ED31C8A104D0080D250 /* Shared.xcconfig */,
				24513ED41C8A104D0080D250 /* Tests.xcconfig */,
				24513ED51C8A104D0080D250 /* tvOS */,
				24513EDC1C8A104D0080D250 /* UI Tests.xcconfig */,
				24513EDD1C8A104D0080D250 /* update.sh */,
				24513EDE1C8A104D0080D250 /* watchOS */,
			);
			path = Configurations;
			sourceTree = "<group>";
		};
		24513EC21C8A104D0080D250 /* iOS */ = {
			isa = PBXGroup;
			children = (
				24513EC31C8A104D0080D250 /* iOS Application.xcconfig */,
				24513EC41C8A104D0080D250 /* iOS Bundle.xcconfig */,
				24513EC51C8A104D0080D250 /* iOS Extension.xcconfig */,
				24513EC61C8A104D0080D250 /* iOS Framework.xcconfig */,
				24513EC71C8A104D0080D250 /* iOS Static Library.xcconfig */,
				24513EC81C8A104D0080D250 /* iOS Tests.xcconfig */,
				24513EC91C8A104D0080D250 /* iOS UI Tests.xcconfig */,
				24513ECA1C8A104D0080D250 /* iOS.xcconfig */,
			);
			path = iOS;
			sourceTree = "<group>";
		};
		24513ECB1C8A104D0080D250 /* OS X */ = {
			isa = PBXGroup;
			children = (
				24513ECC1C8A104D0080D250 /* OS X Application.xcconfig */,
				24513ECD1C8A104D0080D250 /* OS X Extension.xcconfig */,
				24513ECE1C8A104D0080D250 /* OS X Framework.xcconfig */,
				24513ECF1C8A104D0080D250 /* OS X Tests.xcconfig */,
				24513ED01C8A104D0080D250 /* OS X UI Tests.xcconfig */,
				24513ED11C8A104D0080D250 /* OS X.xcconfig */,
			);
			path = "OS X";
			sourceTree = "<group>";
		};
		24513ED51C8A104D0080D250 /* tvOS */ = {
			isa = PBXGroup;
			children = (
				24513ED61C8A104D0080D250 /* tvOS Application.xcconfig */,
				24513ED71C8A104D0080D250 /* tvOS Extension.xcconfig */,
				24513ED81C8A104D0080D250 /* tvOS Framework.xcconfig */,
				24513ED91C8A104D0080D250 /* tvOS Tests.xcconfig */,
				24513EDA1C8A104D0080D250 /* tvOS UI Tests.xcconfig */,
				24513EDB1C8A104D0080D250 /* tvOS.xcconfig */,
			);
			path = tvOS;
			sourceTree = "<group>";
		};
		24513EDE1C8A104D0080D250 /* watchOS */ = {
			isa = PBXGroup;
			children = (
				24513EDF1C8A104D0080D250 /* watchOS Application.xcconfig */,
				24513EE01C8A104D0080D250 /* watchOS Extension.xcconfig */,
				24513EE11C8A104D0080D250 /* watchOS Framework.xcconfig */,
				24513EE21C8A104D0080D250 /* watchOS.xcconfig */,
			);
			path = watchOS;
			sourceTree = "<group>";
		};
		24F797FD1B393D1300F7E4A5 = {
			isa = PBXGroup;
			children = (
				24F798091B393D1300F7E4A5 /* Deserializer */,
				24F799191B39456F00F7E4A5 /* Deserializer Tests */,
				24F7987A1B3941E900F7E4A5 /* DCTManagedObjectSerialization iOS App */,
				24F798901B3941FE00F7E4A5 /* DCTManagedObjectSerialization OS X App */,
				24F798D61B39425000F7E4A5 /* Tweets */,
				24513EBB1C8A104D0080D250 /* Configurations */,
				24F798081B393D1300F7E4A5 /* Products */,
			);
			sourceTree = "<group>";
		};
		24F798081B393D1300F7E4A5 /* Products */ = {
			isa = PBXGroup;
			children = (
				24F798071B393D1300F7E4A5 /* Deserializer.framework */,
				24F7983F1B393FFE00F7E4A5 /* Deserializer.framework */,
				24F7985B1B39415600F7E4A5 /* Deserializer Tests.xctest */,
				24F7986A1B3941AF00F7E4A5 /* Deserializer Tests.xctest */,
				24F798791B3941E900F7E4A5 /* Deserializer.app */,
				24F7988F1B3941FE00F7E4A5 /* Deserializer.app */,
				24F798A31B39421A00F7E4A5 /* Tweets.framework */,
				24F798BF1B39423300F7E4A5 /* Tweets.framework */,
				24513EE81C8A119D0080D250 /* Deserializer.framework */,
				24513EF41C8A123B0080D250 /* Deserializer Tests.xctest */,
				24513F1C1C8A12640080D250 /* Tweets.framework */,
			);
			name = Products;
			sourceTree = "<group>";
		};
		24F798091B393D1300F7E4A5 /* Deserializer */ = {
			isa = PBXGroup;
			children = (
				24F7980A1B393D1300F7E4A5 /* Deserializer.h */,
				24F799781B3972C100F7E4A5 /* Deserializer.swift */,
				24F799531B39459B00F7E4A5 /* SerializationInfo.swift */,
				24F799751B396B8100F7E4A5 /* NSAttributeDescription.swift */,
				24F799541B39459B00F7E4A5 /* NSRelationshipDescription.swift */,
				24513EAB1C89E5850080D250 /* NSPropertyDescription.swift */,
				24513EAF1C89F2B50080D250 /* NSEntityDescription.swift */,
				24513EB21C89F5400080D250 /* NSManagedObjectContext.swift */,
				24513EB51C89F6A10080D250 /* NSManagedObject.swift */,
				24513EB81C89FB7F0080D250 /* Value.swift */,
				24F7980C1B393D1300F7E4A5 /* Info.plist */,
			);
			path = Deserializer;
			sourceTree = "<group>";
		};
		24F7987A1B3941E900F7E4A5 /* DCTManagedObjectSerialization iOS App */ = {
			isa = PBXGroup;
			children = (
				24F7987B1B3941E900F7E4A5 /* AppDelegate.swift */,
				24F7987D1B3941E900F7E4A5 /* ViewController.swift */,
				24F7987F1B3941E900F7E4A5 /* Main.storyboard */,
				24F798821B3941E900F7E4A5 /* Assets.xcassets */,
				24F798841B3941E900F7E4A5 /* LaunchScreen.storyboard */,
				24F798871B3941E900F7E4A5 /* Info.plist */,
			);
			path = "DCTManagedObjectSerialization iOS App";
			sourceTree = "<group>";
		};
		24F798901B3941FE00F7E4A5 /* DCTManagedObjectSerialization OS X App */ = {
			isa = PBXGroup;
			children = (
				24F798911B3941FE00F7E4A5 /* AppDelegate.swift */,
				24F798931B3941FE00F7E4A5 /* ViewController.swift */,
				24F798951B3941FE00F7E4A5 /* Assets.xcassets */,
				24F798971B3941FE00F7E4A5 /* Main.storyboard */,
				24F7989A1B3941FE00F7E4A5 /* Info.plist */,
			);
			path = "DCTManagedObjectSerialization OS X App";
			sourceTree = "<group>";
		};
		24F798D61B39425000F7E4A5 /* Tweets */ = {
			isa = PBXGroup;
			children = (
				24F798D81B39425000F7E4A5 /* Info.plist */,
				24F798D91B39425000F7E4A5 /* Model */,
				24F798EB1B39425000F7E4A5 /* Tweets.h */,
				24F798EC1B39425000F7E4A5 /* Tweets.swift */,
				24F7995B1B3945D200F7E4A5 /* Tweets.json */,
				24F798ED1B39425000F7E4A5 /* Twitter.xcdatamodeld */,
			);
			path = Tweets;
			sourceTree = "<group>";
		};
		24F798D91B39425000F7E4A5 /* Model */ = {
			isa = PBXGroup;
			children = (
				24F798DA1B39425000F7E4A5 /* Generated */,
				24F798E31B39425000F7E4A5 /* Hashtag.h */,
				24F798E41B39425000F7E4A5 /* Hashtag.m */,
				24F798E51B39425000F7E4A5 /* Place.h */,
				24F798E61B39425000F7E4A5 /* Place.m */,
				24F798E71B39425000F7E4A5 /* Tweet.h */,
				24F798E81B39425000F7E4A5 /* Tweet.m */,
				24F798E91B39425000F7E4A5 /* User.h */,
				24F798EA1B39425000F7E4A5 /* User.m */,
			);
			path = Model;
			sourceTree = "<group>";
		};
		24F798DA1B39425000F7E4A5 /* Generated */ = {
			isa = PBXGroup;
			children = (
				24F798DB1B39425000F7E4A5 /* _Hashtag.h */,
				24F798DC1B39425000F7E4A5 /* _Hashtag.m */,
				24F798DD1B39425000F7E4A5 /* _Place.h */,
				24F798DE1B39425000F7E4A5 /* _Place.m */,
				24F798DF1B39425000F7E4A5 /* _Tweet.h */,
				24F798E01B39425000F7E4A5 /* _Tweet.m */,
				24F798E11B39425000F7E4A5 /* _User.h */,
				24F798E21B39425000F7E4A5 /* _User.m */,
			);
			path = Generated;
			sourceTree = "<group>";
		};
		24F799191B39456F00F7E4A5 /* Deserializer Tests */ = {
			isa = PBXGroup;
			children = (
				24F7991A1B39456F00F7E4A5 /* Bridging.h */,
				24F799641B394C2C00F7E4A5 /* DCTManagedObjectSerialization_Tests.h */,
				24F7991D1B39456F00F7E4A5 /* DCTTestNumberToStringValueTransformer.h */,
				24F7991E1B39456F00F7E4A5 /* DCTTestNumberToStringValueTransformer.m */,
				24F7991F1B39456F00F7E4A5 /* DeserializerTests.swift */,
				24F799221B39456F00F7E4A5 /* Info.plist */,
				24F799231B39456F00F7E4A5 /* Model */,
				24F7992D1B39456F00F7E4A5 /* PerformanceTest.swift */,
				24F7992E1B39456F00F7E4A5 /* Person.xcdatamodeld */,
				24F799301B39456F00F7E4A5 /* SerializationInfoTests.swift */,
				24F799331B39457000F7E4A5 /* URLTransformer.swift */,
			);
			path = "Deserializer Tests";
			sourceTree = "<group>";
		};
		24F799231B39456F00F7E4A5 /* Model */ = {
			isa = PBXGroup;
			children = (
				24F799241B39456F00F7E4A5 /* Event.h */,
				24F799251B39456F00F7E4A5 /* Event.m */,
				24F799261B39456F00F7E4A5 /* Generated */,
				24F7992B1B39456F00F7E4A5 /* Person.h */,
				24F7992C1B39456F00F7E4A5 /* Person.m */,
			);
			path = Model;
			sourceTree = "<group>";
		};
		24F799261B39456F00F7E4A5 /* Generated */ = {
			isa = PBXGroup;
			children = (
				24F799271B39456F00F7E4A5 /* _Event.h */,
				24F799281B39456F00F7E4A5 /* _Event.m */,
				24F799291B39456F00F7E4A5 /* _Person.h */,
				24F7992A1B39456F00F7E4A5 /* _Person.m */,
			);
			path = Generated;
			sourceTree = "<group>";
		};
/* End PBXGroup section */

/* Begin PBXHeadersBuildPhase section */
		24513EE51C8A119D0080D250 /* Headers */ = {
			isa = PBXHeadersBuildPhase;
			buildActionMask = 2147483647;
			files = (
				24513F321C8A142E0080D250 /* Deserializer.h in Headers */,
			);
			runOnlyForDeploymentPostprocessing = 0;
		};
		24513F0D1C8A12640080D250 /* Headers */ = {
			isa = PBXHeadersBuildPhase;
			buildActionMask = 2147483647;
			files = (
				24513F0E1C8A12640080D250 /* Tweets.h in Headers */,
				24513F0F1C8A12640080D250 /* _User.h in Headers */,
				24513F101C8A12640080D250 /* User.h in Headers */,
				24513F111C8A12640080D250 /* Place.h in Headers */,
				24513F121C8A12640080D250 /* _Place.h in Headers */,
				24513F131C8A12640080D250 /* Hashtag.h in Headers */,
				24513F141C8A12640080D250 /* _Tweet.h in Headers */,
				24513F151C8A12640080D250 /* Tweet.h in Headers */,
				24513F161C8A12640080D250 /* _Hashtag.h in Headers */,
			);
			runOnlyForDeploymentPostprocessing = 0;
		};
		24F798041B393D1300F7E4A5 /* Headers */ = {
			isa = PBXHeadersBuildPhase;
			buildActionMask = 2147483647;
			files = (
				24F7980B1B393D1300F7E4A5 /* Deserializer.h in Headers */,
			);
			runOnlyForDeploymentPostprocessing = 0;
		};
		24F7983C1B393FFE00F7E4A5 /* Headers */ = {
			isa = PBXHeadersBuildPhase;
			buildActionMask = 2147483647;
			files = (
				24F798561B39402500F7E4A5 /* Deserializer.h in Headers */,
			);
			runOnlyForDeploymentPostprocessing = 0;
		};
		24F798A01B39421A00F7E4A5 /* Headers */ = {
			isa = PBXHeadersBuildPhase;
			buildActionMask = 2147483647;
			files = (
				24F799131B39425000F7E4A5 /* Tweets.h in Headers */,
				24F798FF1B39425000F7E4A5 /* _User.h in Headers */,
				24F7990F1B39425000F7E4A5 /* User.h in Headers */,
				24F799071B39425000F7E4A5 /* Place.h in Headers */,
				24F798F71B39425000F7E4A5 /* _Place.h in Headers */,
				24F799031B39425000F7E4A5 /* Hashtag.h in Headers */,
				24F798FB1B39425000F7E4A5 /* _Tweet.h in Headers */,
				24F7990B1B39425000F7E4A5 /* Tweet.h in Headers */,
				24F798F31B39425000F7E4A5 /* _Hashtag.h in Headers */,
			);
			runOnlyForDeploymentPostprocessing = 0;
		};
		24F798BC1B39423300F7E4A5 /* Headers */ = {
			isa = PBXHeadersBuildPhase;
			buildActionMask = 2147483647;
			files = (
				24F799141B39425000F7E4A5 /* Tweets.h in Headers */,
				24F799001B39425000F7E4A5 /* _User.h in Headers */,
				24F799101B39425000F7E4A5 /* User.h in Headers */,
				24F799081B39425000F7E4A5 /* Place.h in Headers */,
				24F798F81B39425000F7E4A5 /* _Place.h in Headers */,
				24F799041B39425000F7E4A5 /* Hashtag.h in Headers */,
				24F798FC1B39425000F7E4A5 /* _Tweet.h in Headers */,
				24F7990C1B39425000F7E4A5 /* Tweet.h in Headers */,
				24F798F41B39425000F7E4A5 /* _Hashtag.h in Headers */,
			);
			runOnlyForDeploymentPostprocessing = 0;
		};
		24F799651B394C7C00F7E4A5 /* Headers */ = {
			isa = PBXHeadersBuildPhase;
			buildActionMask = 2147483647;
			files = (
				24F799661B394C7F00F7E4A5 /* DCTManagedObjectSerialization_Tests.h in Headers */,
			);
			runOnlyForDeploymentPostprocessing = 0;
		};
/* End PBXHeadersBuildPhase section */

/* Begin PBXNativeTarget section */
		24513EE71C8A119D0080D250 /* Deserializer tvOS */ = {
			isa = PBXNativeTarget;
			buildConfigurationList = 24513EED1C8A119D0080D250 /* Build configuration list for PBXNativeTarget "Deserializer tvOS" */;
			buildPhases = (
				24513EE31C8A119D0080D250 /* Sources */,
				24513EE41C8A119D0080D250 /* Frameworks */,
				24513EE51C8A119D0080D250 /* Headers */,
				24513EE61C8A119D0080D250 /* Resources */,
			);
			buildRules = (
			);
			dependencies = (
			);
			name = "Deserializer tvOS";
			productName = "Deserializer tvOS";
			productReference = 24513EE81C8A119D0080D250 /* Deserializer.framework */;
			productType = "com.apple.product-type.framework";
		};
		24513EF31C8A123B0080D250 /* Deserializer tvOS Tests */ = {
			isa = PBXNativeTarget;
			buildConfigurationList = 24513EFC1C8A123C0080D250 /* Build configuration list for PBXNativeTarget "Deserializer tvOS Tests" */;
			buildPhases = (
				24513EF01C8A123B0080D250 /* Sources */,
				24513EF11C8A123B0080D250 /* Frameworks */,
				24513EF21C8A123B0080D250 /* Resources */,
			);
			buildRules = (
			);
			dependencies = (
				24513EFB1C8A123C0080D250 /* PBXTargetDependency */,
				24513F2E1C8A12C60080D250 /* PBXTargetDependency */,
			);
			name = "Deserializer tvOS Tests";
			productName = "Deserializer tvOS Tests";
			productReference = 24513EF41C8A123B0080D250 /* Deserializer Tests.xctest */;
			productType = "com.apple.product-type.bundle.unit-test";
		};
		24513EFF1C8A12640080D250 /* Tweets tvOS */ = {
			isa = PBXNativeTarget;
			buildConfigurationList = 24513F191C8A12640080D250 /* Build configuration list for PBXNativeTarget "Tweets tvOS" */;
			buildPhases = (
				24513F001C8A12640080D250 /* Sources */,
				24513F0B1C8A12640080D250 /* Frameworks */,
				24513F0D1C8A12640080D250 /* Headers */,
				24513F171C8A12640080D250 /* Resources */,
			);
			buildRules = (
			);
			dependencies = (
			);
			name = "Tweets tvOS";
			productName = "Tweets OS X";
			productReference = 24513F1C1C8A12640080D250 /* Tweets.framework */;
			productType = "com.apple.product-type.framework";
		};
		24F798061B393D1300F7E4A5 /* Deserializer iOS */ = {
			isa = PBXNativeTarget;
			buildConfigurationList = 24F7981B1B393D1300F7E4A5 /* Build configuration list for PBXNativeTarget "Deserializer iOS" */;
			buildPhases = (
				24F798021B393D1300F7E4A5 /* Sources */,
				24F798031B393D1300F7E4A5 /* Frameworks */,
				24F798041B393D1300F7E4A5 /* Headers */,
				24F798051B393D1300F7E4A5 /* Resources */,
			);
			buildRules = (
			);
			dependencies = (
			);
			name = "Deserializer iOS";
			productName = DCTManagedObjectSerialization;
			productReference = 24F798071B393D1300F7E4A5 /* Deserializer.framework */;
			productType = "com.apple.product-type.framework";
		};
		24F7983E1B393FFE00F7E4A5 /* Deserializer OS X */ = {
			isa = PBXNativeTarget;
			buildConfigurationList = 24F798501B393FFE00F7E4A5 /* Build configuration list for PBXNativeTarget "Deserializer OS X" */;
			buildPhases = (
				24F7983A1B393FFE00F7E4A5 /* Sources */,
				24F7983B1B393FFE00F7E4A5 /* Frameworks */,
				24F7983C1B393FFE00F7E4A5 /* Headers */,
				24F7983D1B393FFE00F7E4A5 /* Resources */,
			);
			buildRules = (
			);
			dependencies = (
			);
			name = "Deserializer OS X";
			productName = "DCTManagedObjectSerialization OS X";
			productReference = 24F7983F1B393FFE00F7E4A5 /* Deserializer.framework */;
			productType = "com.apple.product-type.framework";
		};
		24F7985A1B39415600F7E4A5 /* Deserializer iOS Tests */ = {
			isa = PBXNativeTarget;
			buildConfigurationList = 24F798631B39415600F7E4A5 /* Build configuration list for PBXNativeTarget "Deserializer iOS Tests" */;
			buildPhases = (
				24F798571B39415600F7E4A5 /* Sources */,
				24F798581B39415600F7E4A5 /* Frameworks */,
				24F798591B39415600F7E4A5 /* Resources */,
				24F799651B394C7C00F7E4A5 /* Headers */,
			);
			buildRules = (
			);
			dependencies = (
				24F7996E1B39503E00F7E4A5 /* PBXTargetDependency */,
				24F799701B39503E00F7E4A5 /* PBXTargetDependency */,
			);
			name = "Deserializer iOS Tests";
			productName = "DCTManagedObjectSerialization iOS Tests";
			productReference = 24F7985B1B39415600F7E4A5 /* Deserializer Tests.xctest */;
			productType = "com.apple.product-type.bundle.unit-test";
		};
		24F798691B3941AF00F7E4A5 /* Deserializer OS X Tests */ = {
			isa = PBXNativeTarget;
			buildConfigurationList = 24F798721B3941AF00F7E4A5 /* Build configuration list for PBXNativeTarget "Deserializer OS X Tests" */;
			buildPhases = (
				24F798661B3941AF00F7E4A5 /* Sources */,
				24F798671B3941AF00F7E4A5 /* Frameworks */,
				24F798681B3941AF00F7E4A5 /* Resources */,
			);
			buildRules = (
			);
			dependencies = (
				24F798711B3941AF00F7E4A5 /* PBXTargetDependency */,
				24513F311C8A13590080D250 /* PBXTargetDependency */,
			);
			name = "Deserializer OS X Tests";
			productName = "DCTManagedObjectSerialization OS X Tests";
			productReference = 24F7986A1B3941AF00F7E4A5 /* Deserializer Tests.xctest */;
			productType = "com.apple.product-type.bundle.unit-test";
		};
		24F798781B3941E900F7E4A5 /* Deserializer iOS App */ = {
			isa = PBXNativeTarget;
			buildConfigurationList = 24F798881B3941E900F7E4A5 /* Build configuration list for PBXNativeTarget "Deserializer iOS App" */;
			buildPhases = (
				24F798751B3941E900F7E4A5 /* Sources */,
				24F798761B3941E900F7E4A5 /* Frameworks */,
				24F798771B3941E900F7E4A5 /* Resources */,
				24F7996C1B394E7B00F7E4A5 /* Embed Frameworks */,
			);
			buildRules = (
			);
			dependencies = (
				24F7996B1B394E7B00F7E4A5 /* PBXTargetDependency */,
				24F799741B39532D00F7E4A5 /* PBXTargetDependency */,
			);
			name = "Deserializer iOS App";
			productName = "DCTManagedObjectSerialization iOS App";
			productReference = 24F798791B3941E900F7E4A5 /* Deserializer.app */;
			productType = "com.apple.product-type.application";
		};
		24F7988E1B3941FE00F7E4A5 /* Deserializer OS X App */ = {
			isa = PBXNativeTarget;
			buildConfigurationList = 24F7989B1B3941FE00F7E4A5 /* Build configuration list for PBXNativeTarget "Deserializer OS X App" */;
			buildPhases = (
				24F7988B1B3941FE00F7E4A5 /* Sources */,
				24F7988C1B3941FE00F7E4A5 /* Frameworks */,
				24F7988D1B3941FE00F7E4A5 /* Resources */,
			);
			buildRules = (
			);
			dependencies = (
			);
			name = "Deserializer OS X App";
			productName = "DCTManagedObjectSerialization OS X App";
			productReference = 24F7988F1B3941FE00F7E4A5 /* Deserializer.app */;
			productType = "com.apple.product-type.application";
		};
		24F798A21B39421A00F7E4A5 /* Tweets iOS */ = {
			isa = PBXNativeTarget;
			buildConfigurationList = 24F798B41B39421A00F7E4A5 /* Build configuration list for PBXNativeTarget "Tweets iOS" */;
			buildPhases = (
				24F7989E1B39421A00F7E4A5 /* Sources */,
				24F7989F1B39421A00F7E4A5 /* Frameworks */,
				24F798A01B39421A00F7E4A5 /* Headers */,
				24F798A11B39421A00F7E4A5 /* Resources */,
			);
			buildRules = (
			);
			dependencies = (
			);
			name = "Tweets iOS";
			productName = "Tweets iOS";
			productReference = 24F798A31B39421A00F7E4A5 /* Tweets.framework */;
			productType = "com.apple.product-type.framework";
		};
		24F798BE1B39423300F7E4A5 /* Tweets OS X */ = {
			isa = PBXNativeTarget;
			buildConfigurationList = 24F798D01B39423400F7E4A5 /* Build configuration list for PBXNativeTarget "Tweets OS X" */;
			buildPhases = (
				24F798BA1B39423300F7E4A5 /* Sources */,
				24F798BB1B39423300F7E4A5 /* Frameworks */,
				24F798BC1B39423300F7E4A5 /* Headers */,
				24F798BD1B39423300F7E4A5 /* Resources */,
			);
			buildRules = (
			);
			dependencies = (
			);
			name = "Tweets OS X";
			productName = "Tweets OS X";
			productReference = 24F798BF1B39423300F7E4A5 /* Tweets.framework */;
			productType = "com.apple.product-type.framework";
		};
/* End PBXNativeTarget section */

/* Begin PBXProject section */
		24F797FE1B393D1300F7E4A5 /* Project object */ = {
			isa = PBXProject;
			attributes = {
				LastSwiftUpdateCheck = 0720;
				LastUpgradeCheck = 0700;
				ORGANIZATIONNAME = "Daniel Tull";
				TargetAttributes = {
					24513EE71C8A119D0080D250 = {
						CreatedOnToolsVersion = 7.2.1;
					};
					24513EF31C8A123B0080D250 = {
						CreatedOnToolsVersion = 7.2.1;
					};
					24F798061B393D1300F7E4A5 = {
						CreatedOnToolsVersion = 7.0;
					};
					24F7983E1B393FFE00F7E4A5 = {
						CreatedOnToolsVersion = 7.0;
					};
					24F7985A1B39415600F7E4A5 = {
						CreatedOnToolsVersion = 7.0;
					};
					24F798691B3941AF00F7E4A5 = {
						CreatedOnToolsVersion = 7.0;
					};
					24F798781B3941E900F7E4A5 = {
						CreatedOnToolsVersion = 7.0;
					};
					24F7988E1B3941FE00F7E4A5 = {
						CreatedOnToolsVersion = 7.0;
					};
					24F798A21B39421A00F7E4A5 = {
						CreatedOnToolsVersion = 7.0;
					};
					24F798BE1B39423300F7E4A5 = {
						CreatedOnToolsVersion = 7.0;
					};
				};
			};
			buildConfigurationList = 24F798011B393D1300F7E4A5 /* Build configuration list for PBXProject "Deserializer" */;
			compatibilityVersion = "Xcode 3.2";
			developmentRegion = English;
			hasScannedForEncodings = 0;
			knownRegions = (
				en,
				Base,
			);
			mainGroup = 24F797FD1B393D1300F7E4A5;
			productRefGroup = 24F798081B393D1300F7E4A5 /* Products */;
			projectDirPath = "";
			projectRoot = "";
			targets = (
				24F798061B393D1300F7E4A5 /* Deserializer iOS */,
				24F7983E1B393FFE00F7E4A5 /* Deserializer OS X */,
				24513EE71C8A119D0080D250 /* Deserializer tvOS */,
				24F7985A1B39415600F7E4A5 /* Deserializer iOS Tests */,
				24F798691B3941AF00F7E4A5 /* Deserializer OS X Tests */,
				24513EF31C8A123B0080D250 /* Deserializer tvOS Tests */,
				24F798781B3941E900F7E4A5 /* Deserializer iOS App */,
				24F7988E1B3941FE00F7E4A5 /* Deserializer OS X App */,
				24F798A21B39421A00F7E4A5 /* Tweets iOS */,
				24F798BE1B39423300F7E4A5 /* Tweets OS X */,
				24513EFF1C8A12640080D250 /* Tweets tvOS */,
			);
		};
/* End PBXProject section */

/* Begin PBXResourcesBuildPhase section */
		24513EE61C8A119D0080D250 /* Resources */ = {
			isa = PBXResourcesBuildPhase;
			buildActionMask = 2147483647;
			files = (
			);
			runOnlyForDeploymentPostprocessing = 0;
		};
		24513EF21C8A123B0080D250 /* Resources */ = {
			isa = PBXResourcesBuildPhase;
			buildActionMask = 2147483647;
			files = (
			);
			runOnlyForDeploymentPostprocessing = 0;
		};
		24513F171C8A12640080D250 /* Resources */ = {
			isa = PBXResourcesBuildPhase;
			buildActionMask = 2147483647;
			files = (
				24513F181C8A12640080D250 /* Tweets.json in Resources */,
			);
			runOnlyForDeploymentPostprocessing = 0;
		};
		24F798051B393D1300F7E4A5 /* Resources */ = {
			isa = PBXResourcesBuildPhase;
			buildActionMask = 2147483647;
			files = (
			);
			runOnlyForDeploymentPostprocessing = 0;
		};
		24F7983D1B393FFE00F7E4A5 /* Resources */ = {
			isa = PBXResourcesBuildPhase;
			buildActionMask = 2147483647;
			files = (
			);
			runOnlyForDeploymentPostprocessing = 0;
		};
		24F798591B39415600F7E4A5 /* Resources */ = {
			isa = PBXResourcesBuildPhase;
			buildActionMask = 2147483647;
			files = (
			);
			runOnlyForDeploymentPostprocessing = 0;
		};
		24F798681B3941AF00F7E4A5 /* Resources */ = {
			isa = PBXResourcesBuildPhase;
			buildActionMask = 2147483647;
			files = (
			);
			runOnlyForDeploymentPostprocessing = 0;
		};
		24F798771B3941E900F7E4A5 /* Resources */ = {
			isa = PBXResourcesBuildPhase;
			buildActionMask = 2147483647;
			files = (
				24F798861B3941E900F7E4A5 /* LaunchScreen.storyboard in Resources */,
				24F798831B3941E900F7E4A5 /* Assets.xcassets in Resources */,
				24F798811B3941E900F7E4A5 /* Main.storyboard in Resources */,
			);
			runOnlyForDeploymentPostprocessing = 0;
		};
		24F7988D1B3941FE00F7E4A5 /* Resources */ = {
			isa = PBXResourcesBuildPhase;
			buildActionMask = 2147483647;
			files = (
				24F798961B3941FE00F7E4A5 /* Assets.xcassets in Resources */,
				24F798991B3941FE00F7E4A5 /* Main.storyboard in Resources */,
			);
			runOnlyForDeploymentPostprocessing = 0;
		};
		24F798A11B39421A00F7E4A5 /* Resources */ = {
			isa = PBXResourcesBuildPhase;
			buildActionMask = 2147483647;
			files = (
				24F7995C1B3945D200F7E4A5 /* Tweets.json in Resources */,
			);
			runOnlyForDeploymentPostprocessing = 0;
		};
		24F798BD1B39423300F7E4A5 /* Resources */ = {
			isa = PBXResourcesBuildPhase;
			buildActionMask = 2147483647;
			files = (
				24F7995D1B3945D200F7E4A5 /* Tweets.json in Resources */,
			);
			runOnlyForDeploymentPostprocessing = 0;
		};
/* End PBXResourcesBuildPhase section */

/* Begin PBXSourcesBuildPhase section */
		24513EE31C8A119D0080D250 /* Sources */ = {
			isa = PBXSourcesBuildPhase;
			buildActionMask = 2147483647;
			files = (
				24513F221C8A129A0080D250 /* NSEntityDescription.swift in Sources */,
				24513F1F1C8A129A0080D250 /* NSAttributeDescription.swift in Sources */,
				24513F201C8A129A0080D250 /* NSRelationshipDescription.swift in Sources */,
				24513F1E1C8A129A0080D250 /* SerializationInfo.swift in Sources */,
				24513F1D1C8A129A0080D250 /* Deserializer.swift in Sources */,
				24513F251C8A129A0080D250 /* Value.swift in Sources */,
				24513F241C8A129A0080D250 /* NSManagedObject.swift in Sources */,
				24513F211C8A129A0080D250 /* NSPropertyDescription.swift in Sources */,
				24513F231C8A129A0080D250 /* NSManagedObjectContext.swift in Sources */,
			);
			runOnlyForDeploymentPostprocessing = 0;
		};
		24513EF01C8A123B0080D250 /* Sources */ = {
			isa = PBXSourcesBuildPhase;
			buildActionMask = 2147483647;
			files = (
				24513F2B1C8A12AA0080D250 /* SerializationInfoTests.swift in Sources */,
				24513F2A1C8A12AA0080D250 /* PerformanceTest.swift in Sources */,
				24513F291C8A12AA0080D250 /* DeserializerTests.swift in Sources */,
				24513F2C1C8A12AA0080D250 /* URLTransformer.swift in Sources */,
				24513F281C8A12AA0080D250 /* DCTTestNumberToStringValueTransformer.m in Sources */,
			);
			runOnlyForDeploymentPostprocessing = 0;
		};
		24513F001C8A12640080D250 /* Sources */ = {
			isa = PBXSourcesBuildPhase;
			buildActionMask = 2147483647;
			files = (
				24513F011C8A12640080D250 /* User.m in Sources */,
				24513F021C8A12640080D250 /* Hashtag.m in Sources */,
				24513F031C8A12640080D250 /* _User.m in Sources */,
				24513F041C8A12640080D250 /* _Hashtag.m in Sources */,
				24513F051C8A12640080D250 /* Tweet.m in Sources */,
				24513F061C8A12640080D250 /* Twitter.xcdatamodeld in Sources */,
				24513F071C8A12640080D250 /* Tweets.swift in Sources */,
				24513F081C8A12640080D250 /* Place.m in Sources */,
				24513F091C8A12640080D250 /* _Tweet.m in Sources */,
				24513F0A1C8A12640080D250 /* _Place.m in Sources */,
			);
			runOnlyForDeploymentPostprocessing = 0;
		};
		24F798021B393D1300F7E4A5 /* Sources */ = {
			isa = PBXSourcesBuildPhase;
			buildActionMask = 2147483647;
			files = (
				24F799791B3972C100F7E4A5 /* Deserializer.swift in Sources */,
				24513EB31C89F5400080D250 /* NSManagedObjectContext.swift in Sources */,
				24F799761B396B8100F7E4A5 /* NSAttributeDescription.swift in Sources */,
				24F799571B39459B00F7E4A5 /* SerializationInfo.swift in Sources */,
				24513EB61C89F6A10080D250 /* NSManagedObject.swift in Sources */,
				24513EAC1C89E5850080D250 /* NSPropertyDescription.swift in Sources */,
				24F799591B39459B00F7E4A5 /* NSRelationshipDescription.swift in Sources */,
				24513EB91C89FB7F0080D250 /* Value.swift in Sources */,
				24513EB01C89F2B50080D250 /* NSEntityDescription.swift in Sources */,
			);
			runOnlyForDeploymentPostprocessing = 0;
		};
		24F7983A1B393FFE00F7E4A5 /* Sources */ = {
			isa = PBXSourcesBuildPhase;
			buildActionMask = 2147483647;
			files = (
				24F7997A1B3972C100F7E4A5 /* Deserializer.swift in Sources */,
				24513EB41C89F5400080D250 /* NSManagedObjectContext.swift in Sources */,
				24F799771B396B8100F7E4A5 /* NSAttributeDescription.swift in Sources */,
				24F799581B39459B00F7E4A5 /* SerializationInfo.swift in Sources */,
				24513EB71C89F6A10080D250 /* NSManagedObject.swift in Sources */,
				24513EAD1C89E5850080D250 /* NSPropertyDescription.swift in Sources */,
				24F7995A1B39459B00F7E4A5 /* NSRelationshipDescription.swift in Sources */,
				24513EBA1C89FB7F0080D250 /* Value.swift in Sources */,
				24513EB11C89F2B50080D250 /* NSEntityDescription.swift in Sources */,
			);
			runOnlyForDeploymentPostprocessing = 0;
		};
		24F798571B39415600F7E4A5 /* Sources */ = {
			isa = PBXSourcesBuildPhase;
			buildActionMask = 2147483647;
			files = (
				24F7993E1B39457000F7E4A5 /* Event.m in Sources */,
				24F799381B39457000F7E4A5 /* DeserializerTests.swift in Sources */,
				24513F271C8A12A90080D250 /* SerializationInfoTests.swift in Sources */,
				24F799461B39457000F7E4A5 /* PerformanceTest.swift in Sources */,
				24F799501B39457000F7E4A5 /* URLTransformer.swift in Sources */,
				24F799441B39457000F7E4A5 /* Person.m in Sources */,
				24F799481B39457000F7E4A5 /* Person.xcdatamodeld in Sources */,
				24F799361B39457000F7E4A5 /* DCTTestNumberToStringValueTransformer.m in Sources */,
				24F799401B39457000F7E4A5 /* _Event.m in Sources */,
				24F799421B39457000F7E4A5 /* _Person.m in Sources */,
			);
			runOnlyForDeploymentPostprocessing = 0;
		};
		24F798661B3941AF00F7E4A5 /* Sources */ = {
			isa = PBXSourcesBuildPhase;
			buildActionMask = 2147483647;
			files = (
				24F7993F1B39457000F7E4A5 /* Event.m in Sources */,
				24F799391B39457000F7E4A5 /* DeserializerTests.swift in Sources */,
				24513F261C8A12A80080D250 /* SerializationInfoTests.swift in Sources */,
				24F799471B39457000F7E4A5 /* PerformanceTest.swift in Sources */,
				24F799511B39457000F7E4A5 /* URLTransformer.swift in Sources */,
				24F799451B39457000F7E4A5 /* Person.m in Sources */,
				24F799491B39457000F7E4A5 /* Person.xcdatamodeld in Sources */,
				24F799371B39457000F7E4A5 /* DCTTestNumberToStringValueTransformer.m in Sources */,
				24F799411B39457000F7E4A5 /* _Event.m in Sources */,
				24F799431B39457000F7E4A5 /* _Person.m in Sources */,
			);
			runOnlyForDeploymentPostprocessing = 0;
		};
		24F798751B3941E900F7E4A5 /* Sources */ = {
			isa = PBXSourcesBuildPhase;
			buildActionMask = 2147483647;
			files = (
				24F7987E1B3941E900F7E4A5 /* ViewController.swift in Sources */,
				24F7987C1B3941E900F7E4A5 /* AppDelegate.swift in Sources */,
			);
			runOnlyForDeploymentPostprocessing = 0;
		};
		24F7988B1B3941FE00F7E4A5 /* Sources */ = {
			isa = PBXSourcesBuildPhase;
			buildActionMask = 2147483647;
			files = (
				24F798941B3941FE00F7E4A5 /* ViewController.swift in Sources */,
				24F798921B3941FE00F7E4A5 /* AppDelegate.swift in Sources */,
			);
			runOnlyForDeploymentPostprocessing = 0;
		};
		24F7989E1B39421A00F7E4A5 /* Sources */ = {
			isa = PBXSourcesBuildPhase;
			buildActionMask = 2147483647;
			files = (
				24F799111B39425000F7E4A5 /* User.m in Sources */,
				24F799051B39425000F7E4A5 /* Hashtag.m in Sources */,
				24F799011B39425000F7E4A5 /* _User.m in Sources */,
				24F798F51B39425000F7E4A5 /* _Hashtag.m in Sources */,
				24F7990D1B39425000F7E4A5 /* Tweet.m in Sources */,
				24F799171B39425000F7E4A5 /* Twitter.xcdatamodeld in Sources */,
				24F799151B39425000F7E4A5 /* Tweets.swift in Sources */,
				24F799091B39425000F7E4A5 /* Place.m in Sources */,
				24F798FD1B39425000F7E4A5 /* _Tweet.m in Sources */,
				24F798F91B39425000F7E4A5 /* _Place.m in Sources */,
			);
			runOnlyForDeploymentPostprocessing = 0;
		};
		24F798BA1B39423300F7E4A5 /* Sources */ = {
			isa = PBXSourcesBuildPhase;
			buildActionMask = 2147483647;
			files = (
				24F799121B39425000F7E4A5 /* User.m in Sources */,
				24F799061B39425000F7E4A5 /* Hashtag.m in Sources */,
				24F799021B39425000F7E4A5 /* _User.m in Sources */,
				24F798F61B39425000F7E4A5 /* _Hashtag.m in Sources */,
				24F7990E1B39425000F7E4A5 /* Tweet.m in Sources */,
				24F799181B39425000F7E4A5 /* Twitter.xcdatamodeld in Sources */,
				24F799161B39425000F7E4A5 /* Tweets.swift in Sources */,
				24F7990A1B39425000F7E4A5 /* Place.m in Sources */,
				24F798FE1B39425000F7E4A5 /* _Tweet.m in Sources */,
				24F798FA1B39425000F7E4A5 /* _Place.m in Sources */,
			);
			runOnlyForDeploymentPostprocessing = 0;
		};
/* End PBXSourcesBuildPhase section */

/* Begin PBXTargetDependency section */
		24513EFB1C8A123C0080D250 /* PBXTargetDependency */ = {
			isa = PBXTargetDependency;
			target = 24513EE71C8A119D0080D250 /* Deserializer tvOS */;
			targetProxy = 24513EFA1C8A123C0080D250 /* PBXContainerItemProxy */;
		};
		24513F2E1C8A12C60080D250 /* PBXTargetDependency */ = {
			isa = PBXTargetDependency;
			target = 24513EFF1C8A12640080D250 /* Tweets tvOS */;
			targetProxy = 24513F2D1C8A12C60080D250 /* PBXContainerItemProxy */;
		};
		24513F311C8A13590080D250 /* PBXTargetDependency */ = {
			isa = PBXTargetDependency;
			target = 24F798BE1B39423300F7E4A5 /* Tweets OS X */;
			targetProxy = 24513F301C8A13590080D250 /* PBXContainerItemProxy */;
		};
		24F798711B3941AF00F7E4A5 /* PBXTargetDependency */ = {
			isa = PBXTargetDependency;
			target = 24F7983E1B393FFE00F7E4A5 /* Deserializer OS X */;
			targetProxy = 24F798701B3941AF00F7E4A5 /* PBXContainerItemProxy */;
		};
		24F7996B1B394E7B00F7E4A5 /* PBXTargetDependency */ = {
			isa = PBXTargetDependency;
			target = 24F798A21B39421A00F7E4A5 /* Tweets iOS */;
			targetProxy = 24F7996A1B394E7B00F7E4A5 /* PBXContainerItemProxy */;
		};
		24F7996E1B39503E00F7E4A5 /* PBXTargetDependency */ = {
			isa = PBXTargetDependency;
			target = 24F798061B393D1300F7E4A5 /* Deserializer iOS */;
			targetProxy = 24F7996D1B39503E00F7E4A5 /* PBXContainerItemProxy */;
		};
		24F799701B39503E00F7E4A5 /* PBXTargetDependency */ = {
			isa = PBXTargetDependency;
			target = 24F798A21B39421A00F7E4A5 /* Tweets iOS */;
			targetProxy = 24F7996F1B39503E00F7E4A5 /* PBXContainerItemProxy */;
		};
		24F799741B39532D00F7E4A5 /* PBXTargetDependency */ = {
			isa = PBXTargetDependency;
			target = 24F798061B393D1300F7E4A5 /* Deserializer iOS */;
			targetProxy = 24F799731B39532D00F7E4A5 /* PBXContainerItemProxy */;
		};
/* End PBXTargetDependency section */

/* Begin PBXVariantGroup section */
		24F7987F1B3941E900F7E4A5 /* Main.storyboard */ = {
			isa = PBXVariantGroup;
			children = (
				24F798801B3941E900F7E4A5 /* Base */,
			);
			name = Main.storyboard;
			sourceTree = "<group>";
		};
		24F798841B3941E900F7E4A5 /* LaunchScreen.storyboard */ = {
			isa = PBXVariantGroup;
			children = (
				24F798851B3941E900F7E4A5 /* Base */,
			);
			name = LaunchScreen.storyboard;
			sourceTree = "<group>";
		};
		24F798971B3941FE00F7E4A5 /* Main.storyboard */ = {
			isa = PBXVariantGroup;
			children = (
				24F798981B3941FE00F7E4A5 /* Base */,
			);
			name = Main.storyboard;
			sourceTree = "<group>";
		};
/* End PBXVariantGroup section */

/* Begin XCBuildConfiguration section */
		24513EEE1C8A119D0080D250 /* Debug */ = {
			isa = XCBuildConfiguration;
			baseConfigurationReference = 24513ED81C8A104D0080D250 /* tvOS Framework.xcconfig */;
			buildSettings = {
				PRODUCT_NAME = Deserializer;
			};
			name = Debug;
		};
		24513EEF1C8A119D0080D250 /* Release */ = {
			isa = XCBuildConfiguration;
			baseConfigurationReference = 24513ED81C8A104D0080D250 /* tvOS Framework.xcconfig */;
			buildSettings = {
				PRODUCT_NAME = Deserializer;
			};
			name = Release;
		};
		24513EFD1C8A123C0080D250 /* Debug */ = {
			isa = XCBuildConfiguration;
			baseConfigurationReference = 24513ED91C8A104D0080D250 /* tvOS Tests.xcconfig */;
			buildSettings = {
				PRODUCT_NAME = "Deserializer Tests";
			};
			name = Debug;
		};
		24513EFE1C8A123C0080D250 /* Release */ = {
			isa = XCBuildConfiguration;
			baseConfigurationReference = 24513ED91C8A104D0080D250 /* tvOS Tests.xcconfig */;
			buildSettings = {
				PRODUCT_NAME = "Deserializer Tests";
			};
			name = Release;
		};
		24513F1A1C8A12640080D250 /* Debug */ = {
			isa = XCBuildConfiguration;
			baseConfigurationReference = 24513ED81C8A104D0080D250 /* tvOS Framework.xcconfig */;
			buildSettings = {
				PRODUCT_NAME = Tweets;
			};
			name = Debug;
		};
		24513F1B1C8A12640080D250 /* Release */ = {
			isa = XCBuildConfiguration;
			baseConfigurationReference = 24513ED81C8A104D0080D250 /* tvOS Framework.xcconfig */;
			buildSettings = {
				PRODUCT_NAME = Tweets;
			};
			name = Release;
		};
		24F798191B393D1300F7E4A5 /* Debug */ = {
			isa = XCBuildConfiguration;
			baseConfigurationReference = 24513EBE1C8A104D0080D250 /* Debug.xcconfig */;
			buildSettings = {
				CURRENT_PROJECT_VERSION = 1;
				PRODUCT_BUNDLE_IDENTIFIER = "uk.co.danieltull.${PRODUCT_NAME:rfc1034identifier}";
			};
			name = Debug;
		};
		24F7981A1B393D1300F7E4A5 /* Release */ = {
			isa = XCBuildConfiguration;
			baseConfigurationReference = 24513ED21C8A104D0080D250 /* Release.xcconfig */;
			buildSettings = {
				CURRENT_PROJECT_VERSION = 1;
				PRODUCT_BUNDLE_IDENTIFIER = "uk.co.danieltull.${PRODUCT_NAME:rfc1034identifier}";
			};
			name = Release;
		};
		24F7981C1B393D1300F7E4A5 /* Debug */ = {
			isa = XCBuildConfiguration;
			baseConfigurationReference = 24513EC61C8A104D0080D250 /* iOS Framework.xcconfig */;
			buildSettings = {
				PRODUCT_NAME = Deserializer;
			};
			name = Debug;
		};
		24F7981D1B393D1300F7E4A5 /* Release */ = {
			isa = XCBuildConfiguration;
			baseConfigurationReference = 24513EC61C8A104D0080D250 /* iOS Framework.xcconfig */;
			buildSettings = {
				PRODUCT_NAME = Deserializer;
			};
			name = Release;
		};
		24F798511B393FFE00F7E4A5 /* Debug */ = {
			isa = XCBuildConfiguration;
			baseConfigurationReference = 24513ECE1C8A104D0080D250 /* OS X Framework.xcconfig */;
			buildSettings = {
				PRODUCT_NAME = Deserializer;
			};
			name = Debug;
		};
		24F798521B393FFE00F7E4A5 /* Release */ = {
			isa = XCBuildConfiguration;
			baseConfigurationReference = 24513ECE1C8A104D0080D250 /* OS X Framework.xcconfig */;
			buildSettings = {
				PRODUCT_NAME = Deserializer;
			};
			name = Release;
		};
		24F798641B39415600F7E4A5 /* Debug */ = {
			isa = XCBuildConfiguration;
			baseConfigurationReference = 24513EC81C8A104D0080D250 /* iOS Tests.xcconfig */;
			buildSettings = {
				PRODUCT_NAME = "Deserializer Tests";
				SWIFT_OBJC_BRIDGING_HEADER = "DCTManagedObjectSerialization Tests/Bridging.h";
			};
			name = Debug;
		};
		24F798651B39415600F7E4A5 /* Release */ = {
			isa = XCBuildConfiguration;
			baseConfigurationReference = 24513EC81C8A104D0080D250 /* iOS Tests.xcconfig */;
			buildSettings = {
				PRODUCT_NAME = "Deserializer Tests";
				SWIFT_OBJC_BRIDGING_HEADER = "DCTManagedObjectSerialization Tests/Bridging.h";
			};
			name = Release;
		};
		24F798731B3941AF00F7E4A5 /* Debug */ = {
			isa = XCBuildConfiguration;
			baseConfigurationReference = 24513ECF1C8A104D0080D250 /* OS X Tests.xcconfig */;
			buildSettings = {
				PRODUCT_NAME = "Deserializer Tests";
			};
			name = Debug;
		};
		24F798741B3941AF00F7E4A5 /* Release */ = {
			isa = XCBuildConfiguration;
			baseConfigurationReference = 24513ECF1C8A104D0080D250 /* OS X Tests.xcconfig */;
			buildSettings = {
				PRODUCT_NAME = "Deserializer Tests";
			};
			name = Release;
		};
		24F798891B3941E900F7E4A5 /* Debug */ = {
			isa = XCBuildConfiguration;
			baseConfigurationReference = 24513EC31C8A104D0080D250 /* iOS Application.xcconfig */;
			buildSettings = {
				EMBEDDED_CONTENT_CONTAINS_SWIFT = YES;
				PRODUCT_NAME = Deserializer;
			};
			name = Debug;
		};
		24F7988A1B3941E900F7E4A5 /* Release */ = {
			isa = XCBuildConfiguration;
			baseConfigurationReference = 24513EC31C8A104D0080D250 /* iOS Application.xcconfig */;
			buildSettings = {
				EMBEDDED_CONTENT_CONTAINS_SWIFT = YES;
				PRODUCT_NAME = Deserializer;
			};
			name = Release;
		};
		24F7989C1B3941FE00F7E4A5 /* Debug */ = {
			isa = XCBuildConfiguration;
			baseConfigurationReference = 24513ECC1C8A104D0080D250 /* OS X Application.xcconfig */;
			buildSettings = {
				PRODUCT_NAME = Deserializer;
			};
			name = Debug;
		};
		24F7989D1B3941FE00F7E4A5 /* Release */ = {
			isa = XCBuildConfiguration;
			baseConfigurationReference = 24513ECC1C8A104D0080D250 /* OS X Application.xcconfig */;
			buildSettings = {
				PRODUCT_NAME = Deserializer;
			};
			name = Release;
		};
		24F798B51B39421A00F7E4A5 /* Debug */ = {
			isa = XCBuildConfiguration;
			baseConfigurationReference = 24513EC61C8A104D0080D250 /* iOS Framework.xcconfig */;
			buildSettings = {
				PRODUCT_NAME = Tweets;
			};
			name = Debug;
		};
		24F798B61B39421A00F7E4A5 /* Release */ = {
			isa = XCBuildConfiguration;
			baseConfigurationReference = 24513EC61C8A104D0080D250 /* iOS Framework.xcconfig */;
			buildSettings = {
				PRODUCT_NAME = Tweets;
			};
			name = Release;
		};
		24F798D11B39423400F7E4A5 /* Debug */ = {
			isa = XCBuildConfiguration;
			baseConfigurationReference = 24513ECE1C8A104D0080D250 /* OS X Framework.xcconfig */;
			buildSettings = {
				PRODUCT_NAME = Tweets;
			};
			name = Debug;
		};
		24F798D21B39423400F7E4A5 /* Release */ = {
			isa = XCBuildConfiguration;
			baseConfigurationReference = 24513ECE1C8A104D0080D250 /* OS X Framework.xcconfig */;
			buildSettings = {
				PRODUCT_NAME = Tweets;
			};
			name = Release;
		};
/* End XCBuildConfiguration section */

/* Begin XCConfigurationList section */
		24513EED1C8A119D0080D250 /* Build configuration list for PBXNativeTarget "Deserializer tvOS" */ = {
			isa = XCConfigurationList;
			buildConfigurations = (
				24513EEE1C8A119D0080D250 /* Debug */,
				24513EEF1C8A119D0080D250 /* Release */,
			);
			defaultConfigurationIsVisible = 0;
		};
		24513EFC1C8A123C0080D250 /* Build configuration list for PBXNativeTarget "Deserializer tvOS Tests" */ = {
			isa = XCConfigurationList;
			buildConfigurations = (
				24513EFD1C8A123C0080D250 /* Debug */,
				24513EFE1C8A123C0080D250 /* Release */,
			);
			defaultConfigurationIsVisible = 0;
		};
		24513F191C8A12640080D250 /* Build configuration list for PBXNativeTarget "Tweets tvOS" */ = {
			isa = XCConfigurationList;
			buildConfigurations = (
				24513F1A1C8A12640080D250 /* Debug */,
				24513F1B1C8A12640080D250 /* Release */,
			);
			defaultConfigurationIsVisible = 0;
			defaultConfigurationName = Release;
		};
		24F798011B393D1300F7E4A5 /* Build configuration list for PBXProject "Deserializer" */ = {
			isa = XCConfigurationList;
			buildConfigurations = (
				24F798191B393D1300F7E4A5 /* Debug */,
				24F7981A1B393D1300F7E4A5 /* Release */,
			);
			defaultConfigurationIsVisible = 0;
			defaultConfigurationName = Release;
		};
		24F7981B1B393D1300F7E4A5 /* Build configuration list for PBXNativeTarget "Deserializer iOS" */ = {
			isa = XCConfigurationList;
			buildConfigurations = (
				24F7981C1B393D1300F7E4A5 /* Debug */,
				24F7981D1B393D1300F7E4A5 /* Release */,
			);
			defaultConfigurationIsVisible = 0;
			defaultConfigurationName = Release;
		};
		24F798501B393FFE00F7E4A5 /* Build configuration list for PBXNativeTarget "Deserializer OS X" */ = {
			isa = XCConfigurationList;
			buildConfigurations = (
				24F798511B393FFE00F7E4A5 /* Debug */,
				24F798521B393FFE00F7E4A5 /* Release */,
			);
			defaultConfigurationIsVisible = 0;
			defaultConfigurationName = Release;
		};
		24F798631B39415600F7E4A5 /* Build configuration list for PBXNativeTarget "Deserializer iOS Tests" */ = {
			isa = XCConfigurationList;
			buildConfigurations = (
				24F798641B39415600F7E4A5 /* Debug */,
				24F798651B39415600F7E4A5 /* Release */,
			);
			defaultConfigurationIsVisible = 0;
			defaultConfigurationName = Release;
		};
		24F798721B3941AF00F7E4A5 /* Build configuration list for PBXNativeTarget "Deserializer OS X Tests" */ = {
			isa = XCConfigurationList;
			buildConfigurations = (
				24F798731B3941AF00F7E4A5 /* Debug */,
				24F798741B3941AF00F7E4A5 /* Release */,
			);
			defaultConfigurationIsVisible = 0;
			defaultConfigurationName = Release;
		};
		24F798881B3941E900F7E4A5 /* Build configuration list for PBXNativeTarget "Deserializer iOS App" */ = {
			isa = XCConfigurationList;
			buildConfigurations = (
				24F798891B3941E900F7E4A5 /* Debug */,
				24F7988A1B3941E900F7E4A5 /* Release */,
			);
			defaultConfigurationIsVisible = 0;
			defaultConfigurationName = Release;
		};
		24F7989B1B3941FE00F7E4A5 /* Build configuration list for PBXNativeTarget "Deserializer OS X App" */ = {
			isa = XCConfigurationList;
			buildConfigurations = (
				24F7989C1B3941FE00F7E4A5 /* Debug */,
				24F7989D1B3941FE00F7E4A5 /* Release */,
			);
			defaultConfigurationIsVisible = 0;
			defaultConfigurationName = Release;
		};
		24F798B41B39421A00F7E4A5 /* Build configuration list for PBXNativeTarget "Tweets iOS" */ = {
			isa = XCConfigurationList;
			buildConfigurations = (
				24F798B51B39421A00F7E4A5 /* Debug */,
				24F798B61B39421A00F7E4A5 /* Release */,
			);
			defaultConfigurationIsVisible = 0;
			defaultConfigurationName = Release;
		};
		24F798D01B39423400F7E4A5 /* Build configuration list for PBXNativeTarget "Tweets OS X" */ = {
			isa = XCConfigurationList;
			buildConfigurations = (
				24F798D11B39423400F7E4A5 /* Debug */,
				24F798D21B39423400F7E4A5 /* Release */,
			);
			defaultConfigurationIsVisible = 0;
			defaultConfigurationName = Release;
		};
/* End XCConfigurationList section */

/* Begin XCVersionGroup section */
		24F798ED1B39425000F7E4A5 /* Twitter.xcdatamodeld */ = {
			isa = XCVersionGroup;
			children = (
				24F798EE1B39425000F7E4A5 /* Twitter.xcdatamodel */,
			);
			currentVersion = 24F798EE1B39425000F7E4A5 /* Twitter.xcdatamodel */;
			path = Twitter.xcdatamodeld;
			sourceTree = "<group>";
			versionGroupType = wrapper.xcdatamodel;
		};
		24F7992E1B39456F00F7E4A5 /* Person.xcdatamodeld */ = {
			isa = XCVersionGroup;
			children = (
				24F7992F1B39456F00F7E4A5 /* Person.xcdatamodel */,
			);
			currentVersion = 24F7992F1B39456F00F7E4A5 /* Person.xcdatamodel */;
			path = Person.xcdatamodeld;
			sourceTree = "<group>";
			versionGroupType = wrapper.xcdatamodel;
		};
/* End XCVersionGroup section */
	};
	rootObject = 24F797FE1B393D1300F7E4A5 /* Project object */;
}
