// !$*UTF8*$!
{
	archiveVersion = 1;
	classes = {
	};
	objectVersion = 46;
	objects = {

/* Begin PBXBuildFile section */
		2441EB9A164E9D71006B284A /* Foundation.framework in Frameworks */ = {isa = PBXBuildFile; fileRef = 2441EB99164E9D71006B284A /* Foundation.framework */; };
		2441EBCA164E9D9F006B284A /* NSAttributeDescription+DCTObjectCheck.m in Sources */ = {isa = PBXBuildFile; fileRef = 2441EBB0164E9D9F006B284A /* NSAttributeDescription+DCTObjectCheck.m */; };
		2441EBCB164E9D9F006B284A /* NSDictionary+DCTKeyForObject.m in Sources */ = {isa = PBXBuildFile; fileRef = 2441EBB2164E9D9F006B284A /* NSDictionary+DCTKeyForObject.m */; };
		2441EBCC164E9D9F006B284A /* NSEntityDescription+DCTObjectCheck.m in Sources */ = {isa = PBXBuildFile; fileRef = 2441EBB4164E9D9F006B284A /* NSEntityDescription+DCTObjectCheck.m */; };
		2441EBCE164E9D9F006B284A /* NSFetchRequest+DCTExtras.m in Sources */ = {isa = PBXBuildFile; fileRef = 2441EBB8164E9D9F006B284A /* NSFetchRequest+DCTExtras.m */; };
		2441EBCF164E9D9F006B284A /* NSManagedObject+DCTAutomatedSetup.m in Sources */ = {isa = PBXBuildFile; fileRef = 2441EBBA164E9D9F006B284A /* NSManagedObject+DCTAutomatedSetup.m */; };
		2441EBD1164E9D9F006B284A /* NSManagedObject+DCTExtras.m in Sources */ = {isa = PBXBuildFile; fileRef = 2441EBBE164E9D9F006B284A /* NSManagedObject+DCTExtras.m */; };
		2441EBD2164E9D9F006B284A /* NSManagedObject+DCTOrdering.m in Sources */ = {isa = PBXBuildFile; fileRef = 2441EBC0164E9D9F006B284A /* NSManagedObject+DCTOrdering.m */; };
		2441EBD3164E9D9F006B284A /* NSManagedObject+DCTRelatedObjects.m in Sources */ = {isa = PBXBuildFile; fileRef = 2441EBC2164E9D9F006B284A /* NSManagedObject+DCTRelatedObjects.m */; };
		2441EBD4164E9D9F006B284A /* NSManagedObjectContext+DCTDataFetching.m in Sources */ = {isa = PBXBuildFile; fileRef = 2441EBC4164E9D9F006B284A /* NSManagedObjectContext+DCTDataFetching.m */; };
		2441EBD5164E9D9F006B284A /* NSManagedObjectContext+DCTExtras.m in Sources */ = {isa = PBXBuildFile; fileRef = 2441EBC6164E9D9F006B284A /* NSManagedObjectContext+DCTExtras.m */; };
		2441EBD6164E9D9F006B284A /* NSPredicate+DCTExtras.m in Sources */ = {isa = PBXBuildFile; fileRef = 2441EBC8164E9D9F006B284A /* NSPredicate+DCTExtras.m */; };
		2441EBD9164E9E42006B284A /* DCTCoreDataSerialization.m in Sources */ = {isa = PBXBuildFile; fileRef = 2441EBD8164E9E42006B284A /* DCTCoreDataSerialization.m */; };
		2441EBDE164E9E7B006B284A /* CoreData.framework in Frameworks */ = {isa = PBXBuildFile; fileRef = 2441EBDD164E9E7B006B284A /* CoreData.framework */; };
/* End PBXBuildFile section */

/* Begin PBXCopyFilesBuildPhase section */
		2441EB94164E9D71006B284A /* CopyFiles */ = {
			isa = PBXCopyFilesBuildPhase;
			buildActionMask = 2147483647;
			dstPath = "include/${PRODUCT_NAME}";
			dstSubfolderSpec = 16;
			files = (
			);
			runOnlyForDeploymentPostprocessing = 0;
		};
/* End PBXCopyFilesBuildPhase section */

/* Begin PBXFileReference section */
		2441EB96164E9D71006B284A /* libDCTCoreDataSerialization.a */ = {isa = PBXFileReference; explicitFileType = archive.ar; includeInIndex = 0; path = libDCTCoreDataSerialization.a; sourceTree = BUILT_PRODUCTS_DIR; };
		2441EB99164E9D71006B284A /* Foundation.framework */ = {isa = PBXFileReference; lastKnownFileType = wrapper.framework; name = Foundation.framework; path = System/Library/Frameworks/Foundation.framework; sourceTree = SDKROOT; };
		2441EBAF164E9D9F006B284A /* NSAttributeDescription+DCTObjectCheck.h */ = {isa = PBXFileReference; fileEncoding = 4; lastKnownFileType = sourcecode.c.h; path = "NSAttributeDescription+DCTObjectCheck.h"; sourceTree = "<group>"; };
		2441EBB0164E9D9F006B284A /* NSAttributeDescription+DCTObjectCheck.m */ = {isa = PBXFileReference; fileEncoding = 4; lastKnownFileType = sourcecode.c.objc; path = "NSAttributeDescription+DCTObjectCheck.m"; sourceTree = "<group>"; };
		2441EBB1164E9D9F006B284A /* NSDictionary+DCTKeyForObject.h */ = {isa = PBXFileReference; fileEncoding = 4; lastKnownFileType = sourcecode.c.h; path = "NSDictionary+DCTKeyForObject.h"; sourceTree = "<group>"; };
		2441EBB2164E9D9F006B284A /* NSDictionary+DCTKeyForObject.m */ = {isa = PBXFileReference; fileEncoding = 4; lastKnownFileType = sourcecode.c.objc; path = "NSDictionary+DCTKeyForObject.m"; sourceTree = "<group>"; };
		2441EBB3164E9D9F006B284A /* NSEntityDescription+DCTObjectCheck.h */ = {isa = PBXFileReference; fileEncoding = 4; lastKnownFileType = sourcecode.c.h; path = "NSEntityDescription+DCTObjectCheck.h"; sourceTree = "<group>"; };
		2441EBB4164E9D9F006B284A /* NSEntityDescription+DCTObjectCheck.m */ = {isa = PBXFileReference; fileEncoding = 4; lastKnownFileType = sourcecode.c.objc; path = "NSEntityDescription+DCTObjectCheck.m"; sourceTree = "<group>"; };
		2441EBB7164E9D9F006B284A /* NSFetchRequest+DCTExtras.h */ = {isa = PBXFileReference; fileEncoding = 4; lastKnownFileType = sourcecode.c.h; path = "NSFetchRequest+DCTExtras.h"; sourceTree = "<group>"; };
		2441EBB8164E9D9F006B284A /* NSFetchRequest+DCTExtras.m */ = {isa = PBXFileReference; fileEncoding = 4; lastKnownFileType = sourcecode.c.objc; path = "NSFetchRequest+DCTExtras.m"; sourceTree = "<group>"; };
		2441EBB9164E9D9F006B284A /* NSManagedObject+DCTAutomatedSetup.h */ = {isa = PBXFileReference; fileEncoding = 4; lastKnownFileType = sourcecode.c.h; path = "NSManagedObject+DCTAutomatedSetup.h"; sourceTree = "<group>"; };
		2441EBBA164E9D9F006B284A /* NSManagedObject+DCTAutomatedSetup.m */ = {isa = PBXFileReference; fileEncoding = 4; lastKnownFileType = sourcecode.c.objc; path = "NSManagedObject+DCTAutomatedSetup.m"; sourceTree = "<group>"; };
		2441EBBD164E9D9F006B284A /* NSManagedObject+DCTExtras.h */ = {isa = PBXFileReference; fileEncoding = 4; lastKnownFileType = sourcecode.c.h; path = "NSManagedObject+DCTExtras.h"; sourceTree = "<group>"; };
		2441EBBE164E9D9F006B284A /* NSManagedObject+DCTExtras.m */ = {isa = PBXFileReference; fileEncoding = 4; lastKnownFileType = sourcecode.c.objc; path = "NSManagedObject+DCTExtras.m"; sourceTree = "<group>"; };
		2441EBBF164E9D9F006B284A /* NSManagedObject+DCTOrdering.h */ = {isa = PBXFileReference; fileEncoding = 4; lastKnownFileType = sourcecode.c.h; path = "NSManagedObject+DCTOrdering.h"; sourceTree = "<group>"; };
		2441EBC0164E9D9F006B284A /* NSManagedObject+DCTOrdering.m */ = {isa = PBXFileReference; fileEncoding = 4; lastKnownFileType = sourcecode.c.objc; path = "NSManagedObject+DCTOrdering.m"; sourceTree = "<group>"; };
		2441EBC1164E9D9F006B284A /* NSManagedObject+DCTRelatedObjects.h */ = {isa = PBXFileReference; fileEncoding = 4; lastKnownFileType = sourcecode.c.h; path = "NSManagedObject+DCTRelatedObjects.h"; sourceTree = "<group>"; };
		2441EBC2164E9D9F006B284A /* NSManagedObject+DCTRelatedObjects.m */ = {isa = PBXFileReference; fileEncoding = 4; lastKnownFileType = sourcecode.c.objc; path = "NSManagedObject+DCTRelatedObjects.m"; sourceTree = "<group>"; };
		2441EBC3164E9D9F006B284A /* NSManagedObjectContext+DCTDataFetching.h */ = {isa = PBXFileReference; fileEncoding = 4; lastKnownFileType = sourcecode.c.h; path = "NSManagedObjectContext+DCTDataFetching.h"; sourceTree = "<group>"; };
		2441EBC4164E9D9F006B284A /* NSManagedObjectContext+DCTDataFetching.m */ = {isa = PBXFileReference; fileEncoding = 4; lastKnownFileType = sourcecode.c.objc; path = "NSManagedObjectContext+DCTDataFetching.m"; sourceTree = "<group>"; };
		2441EBC5164E9D9F006B284A /* NSManagedObjectContext+DCTExtras.h */ = {isa = PBXFileReference; fileEncoding = 4; lastKnownFileType = sourcecode.c.h; path = "NSManagedObjectContext+DCTExtras.h"; sourceTree = "<group>"; };
		2441EBC6164E9D9F006B284A /* NSManagedObjectContext+DCTExtras.m */ = {isa = PBXFileReference; fileEncoding = 4; lastKnownFileType = sourcecode.c.objc; path = "NSManagedObjectContext+DCTExtras.m"; sourceTree = "<group>"; };
		2441EBC7164E9D9F006B284A /* NSPredicate+DCTExtras.h */ = {isa = PBXFileReference; fileEncoding = 4; lastKnownFileType = sourcecode.c.h; path = "NSPredicate+DCTExtras.h"; sourceTree = "<group>"; };
		2441EBC8164E9D9F006B284A /* NSPredicate+DCTExtras.m */ = {isa = PBXFileReference; fileEncoding = 4; lastKnownFileType = sourcecode.c.objc; path = "NSPredicate+DCTExtras.m"; sourceTree = "<group>"; };
		2441EBD7164E9E42006B284A /* DCTCoreDataSerialization.h */ = {isa = PBXFileReference; fileEncoding = 4; lastKnownFileType = sourcecode.c.h; path = DCTCoreDataSerialization.h; sourceTree = "<group>"; };
		2441EBD8164E9E42006B284A /* DCTCoreDataSerialization.m */ = {isa = PBXFileReference; fileEncoding = 4; lastKnownFileType = sourcecode.c.objc; path = DCTCoreDataSerialization.m; sourceTree = "<group>"; };
		2441EBDD164E9E7B006B284A /* CoreData.framework */ = {isa = PBXFileReference; lastKnownFileType = wrapper.framework; name = CoreData.framework; path = System/Library/Frameworks/CoreData.framework; sourceTree = SDKROOT; };
/* End PBXFileReference section */

/* Begin PBXFrameworksBuildPhase section */
		2441EB93164E9D71006B284A /* Frameworks */ = {
			isa = PBXFrameworksBuildPhase;
			buildActionMask = 2147483647;
			files = (
				2441EBDE164E9E7B006B284A /* CoreData.framework in Frameworks */,
				2441EB9A164E9D71006B284A /* Foundation.framework in Frameworks */,
			);
			runOnlyForDeploymentPostprocessing = 0;
		};
/* End PBXFrameworksBuildPhase section */

/* Begin PBXGroup section */
		2441EB8B164E9D71006B284A = {
			isa = PBXGroup;
			children = (
				2441EBAB164E9D9F006B284A /* DCTCoreDataSerialization */,
				2441EB98164E9D71006B284A /* Frameworks */,
				2441EB97164E9D71006B284A /* Products */,
			);
			sourceTree = "<group>";
		};
		2441EB97164E9D71006B284A /* Products */ = {
			isa = PBXGroup;
			children = (
				2441EB96164E9D71006B284A /* libDCTCoreDataSerialization.a */,
			);
			name = Products;
			sourceTree = "<group>";
		};
		2441EB98164E9D71006B284A /* Frameworks */ = {
			isa = PBXGroup;
			children = (
				2441EBDD164E9E7B006B284A /* CoreData.framework */,
				2441EB99164E9D71006B284A /* Foundation.framework */,
			);
			name = Frameworks;
			sourceTree = "<group>";
		};
		2441EBAB164E9D9F006B284A /* DCTCoreDataSerialization */ = {
			isa = PBXGroup;
			children = (
				2441EBD7164E9E42006B284A /* DCTCoreDataSerialization.h */,
				2441EBD8164E9E42006B284A /* DCTCoreDataSerialization.m */,
				2441EBAF164E9D9F006B284A /* NSAttributeDescription+DCTObjectCheck.h */,
				2441EBB0164E9D9F006B284A /* NSAttributeDescription+DCTObjectCheck.m */,
				2441EBB1164E9D9F006B284A /* NSDictionary+DCTKeyForObject.h */,
				2441EBB2164E9D9F006B284A /* NSDictionary+DCTKeyForObject.m */,
				2441EBB3164E9D9F006B284A /* NSEntityDescription+DCTObjectCheck.h */,
				2441EBB4164E9D9F006B284A /* NSEntityDescription+DCTObjectCheck.m */,
				2441EBB7164E9D9F006B284A /* NSFetchRequest+DCTExtras.h */,
				2441EBB8164E9D9F006B284A /* NSFetchRequest+DCTExtras.m */,
				2441EBB9164E9D9F006B284A /* NSManagedObject+DCTAutomatedSetup.h */,
				2441EBBA164E9D9F006B284A /* NSManagedObject+DCTAutomatedSetup.m */,
				2441EBBD164E9D9F006B284A /* NSManagedObject+DCTExtras.h */,
				2441EBBE164E9D9F006B284A /* NSManagedObject+DCTExtras.m */,
				2441EBBF164E9D9F006B284A /* NSManagedObject+DCTOrdering.h */,
				2441EBC0164E9D9F006B284A /* NSManagedObject+DCTOrdering.m */,
				2441EBC1164E9D9F006B284A /* NSManagedObject+DCTRelatedObjects.h */,
				2441EBC2164E9D9F006B284A /* NSManagedObject+DCTRelatedObjects.m */,
				2441EBC3164E9D9F006B284A /* NSManagedObjectContext+DCTDataFetching.h */,
				2441EBC4164E9D9F006B284A /* NSManagedObjectContext+DCTDataFetching.m */,
				2441EBC5164E9D9F006B284A /* NSManagedObjectContext+DCTExtras.h */,
				2441EBC6164E9D9F006B284A /* NSManagedObjectContext+DCTExtras.m */,
				2441EBC7164E9D9F006B284A /* NSPredicate+DCTExtras.h */,
				2441EBC8164E9D9F006B284A /* NSPredicate+DCTExtras.m */,
			);
			path = DCTCoreDataSerialization;
			sourceTree = "<group>";
		};
/* End PBXGroup section */

/* Begin PBXNativeTarget section */
		2441EB95164E9D71006B284A /* DCTCoreDataSerialization */ = {
			isa = PBXNativeTarget;
			buildConfigurationList = 2441EBA4164E9D71006B284A /* Build configuration list for PBXNativeTarget "DCTCoreDataSerialization" */;
			buildPhases = (
				2441EB92164E9D71006B284A /* Sources */,
				2441EB93164E9D71006B284A /* Frameworks */,
				2441EB94164E9D71006B284A /* CopyFiles */,
			);
			buildRules = (
			);
			dependencies = (
			);
			name = DCTCoreDataSerialization;
			productName = DCTCoreDataSerialization;
			productReference = 2441EB96164E9D71006B284A /* libDCTCoreDataSerialization.a */;
			productType = "com.apple.product-type.library.static";
		};
/* End PBXNativeTarget section */

/* Begin PBXProject section */
		2441EB8D164E9D71006B284A /* Project object */ = {
			isa = PBXProject;
			attributes = {
				LastUpgradeCheck = 0450;
				ORGANIZATIONNAME = "Daniel Tull";
			};
			buildConfigurationList = 2441EB90164E9D71006B284A /* Build configuration list for PBXProject "DCTCoreDataSerialization" */;
			compatibilityVersion = "Xcode 3.2";
			developmentRegion = English;
			hasScannedForEncodings = 0;
			knownRegions = (
				en,
			);
			mainGroup = 2441EB8B164E9D71006B284A;
			productRefGroup = 2441EB97164E9D71006B284A /* Products */;
			projectDirPath = "";
			projectRoot = "";
			targets = (
				2441EB95164E9D71006B284A /* DCTCoreDataSerialization */,
			);
		};
/* End PBXProject section */

/* Begin PBXSourcesBuildPhase section */
		2441EB92164E9D71006B284A /* Sources */ = {
			isa = PBXSourcesBuildPhase;
			buildActionMask = 2147483647;
			files = (
				2441EBCA164E9D9F006B284A /* NSAttributeDescription+DCTObjectCheck.m in Sources */,
				2441EBCB164E9D9F006B284A /* NSDictionary+DCTKeyForObject.m in Sources */,
				2441EBCC164E9D9F006B284A /* NSEntityDescription+DCTObjectCheck.m in Sources */,
				2441EBCE164E9D9F006B284A /* NSFetchRequest+DCTExtras.m in Sources */,
				2441EBCF164E9D9F006B284A /* NSManagedObject+DCTAutomatedSetup.m in Sources */,
				2441EBD1164E9D9F006B284A /* NSManagedObject+DCTExtras.m in Sources */,
				2441EBD2164E9D9F006B284A /* NSManagedObject+DCTOrdering.m in Sources */,
				2441EBD3164E9D9F006B284A /* NSManagedObject+DCTRelatedObjects.m in Sources */,
				2441EBD4164E9D9F006B284A /* NSManagedObjectContext+DCTDataFetching.m in Sources */,
				2441EBD5164E9D9F006B284A /* NSManagedObjectContext+DCTExtras.m in Sources */,
				2441EBD6164E9D9F006B284A /* NSPredicate+DCTExtras.m in Sources */,
				2441EBD9164E9E42006B284A /* DCTCoreDataSerialization.m in Sources */,
			);
			runOnlyForDeploymentPostprocessing = 0;
		};
/* End PBXSourcesBuildPhase section */

/* Begin XCBuildConfiguration section */
		2441EBA2164E9D71006B284A /* Debug */ = {
			isa = XCBuildConfiguration;
			buildSettings = {
				ALWAYS_SEARCH_USER_PATHS = NO;
				CLANG_CXX_LANGUAGE_STANDARD = "gnu++0x";
				CLANG_CXX_LIBRARY = "libc++";
				CLANG_ENABLE_OBJC_ARC = YES;
				CLANG_WARN_EMPTY_BODY = YES;
				CLANG_WARN__DUPLICATE_METHOD_MATCH = YES;
				COPY_PHASE_STRIP = NO;
				GCC_C_LANGUAGE_STANDARD = gnu99;
				GCC_DYNAMIC_NO_PIC = NO;
				GCC_OPTIMIZATION_LEVEL = 0;
				GCC_PREPROCESSOR_DEFINITIONS = (
					"DEBUG=1",
					"$(inherited)",
				);
				GCC_SYMBOLS_PRIVATE_EXTERN = NO;
				GCC_WARN_ABOUT_RETURN_TYPE = YES;
				GCC_WARN_UNINITIALIZED_AUTOS = YES;
				GCC_WARN_UNUSED_VARIABLE = YES;
				IPHONEOS_DEPLOYMENT_TARGET = 6.0;
				ONLY_ACTIVE_ARCH = YES;
				SDKROOT = iphoneos;
			};
			name = Debug;
		};
		2441EBA3164E9D71006B284A /* Release */ = {
			isa = XCBuildConfiguration;
			buildSettings = {
				ALWAYS_SEARCH_USER_PATHS = NO;
				CLANG_CXX_LANGUAGE_STANDARD = "gnu++0x";
				CLANG_CXX_LIBRARY = "libc++";
				CLANG_ENABLE_OBJC_ARC = YES;
				CLANG_WARN_EMPTY_BODY = YES;
				CLANG_WARN__DUPLICATE_METHOD_MATCH = YES;
				COPY_PHASE_STRIP = YES;
				GCC_C_LANGUAGE_STANDARD = gnu99;
				GCC_WARN_ABOUT_RETURN_TYPE = YES;
				GCC_WARN_UNINITIALIZED_AUTOS = YES;
				GCC_WARN_UNUSED_VARIABLE = YES;
				IPHONEOS_DEPLOYMENT_TARGET = 6.0;
				SDKROOT = iphoneos;
				VALIDATE_PRODUCT = YES;
			};
			name = Release;
		};
		2441EBA5164E9D71006B284A /* Debug */ = {
			isa = XCBuildConfiguration;
			buildSettings = {
				DSTROOT = /tmp/DCTCoreDataSerialization.dst;
				GCC_PRECOMPILE_PREFIX_HEADER = YES;
				OTHER_LDFLAGS = "-ObjC";
				PRODUCT_NAME = "$(TARGET_NAME)";
				SKIP_INSTALL = YES;
			};
			name = Debug;
		};
		2441EBA6164E9D71006B284A /* Release */ = {
			isa = XCBuildConfiguration;
			buildSettings = {
				DSTROOT = /tmp/DCTCoreDataSerialization.dst;
				GCC_PRECOMPILE_PREFIX_HEADER = YES;
				OTHER_LDFLAGS = "-ObjC";
				PRODUCT_NAME = "$(TARGET_NAME)";
				SKIP_INSTALL = YES;
			};
			name = Release;
		};
/* End XCBuildConfiguration section */

/* Begin XCConfigurationList section */
		2441EB90164E9D71006B284A /* Build configuration list for PBXProject "DCTCoreDataSerialization" */ = {
			isa = XCConfigurationList;
			buildConfigurations = (
				2441EBA2164E9D71006B284A /* Debug */,
				2441EBA3164E9D71006B284A /* Release */,
			);
			defaultConfigurationIsVisible = 0;
			defaultConfigurationName = Release;
		};
		2441EBA4164E9D71006B284A /* Build configuration list for PBXNativeTarget "DCTCoreDataSerialization" */ = {
			isa = XCConfigurationList;
			buildConfigurations = (
				2441EBA5164E9D71006B284A /* Debug */,
				2441EBA6164E9D71006B284A /* Release */,
			);
			defaultConfigurationIsVisible = 0;
			defaultConfigurationName = Release;
		};
/* End XCConfigurationList section */
	};
	rootObject = 2441EB8D164E9D71006B284A /* Project object */;
}
