// !$*UTF8*$!
{
	archiveVersion = 1;
	classes = {
	};
	objectVersion = 46;
	objects = {

/* Begin PBXBuildFile section */
		24217C66164EC4E000B7DE98 /* Foundation.framework in Frameworks */ = {isa = PBXBuildFile; fileRef = 245CD698164EA29300600BFF /* Foundation.framework */; };
		24217C6F164EC4E000B7DE98 /* DCTManagedObjectSerializationTests.m in Sources */ = {isa = PBXBuildFile; fileRef = 24217C6E164EC4E000B7DE98 /* DCTManagedObjectSerializationTests.m */; };
		24217C75164EC50E00B7DE98 /* libDCTManagedObjectSerialization.a in Frameworks */ = {isa = PBXBuildFile; fileRef = 245CD695164EA29300600BFF /* libDCTManagedObjectSerialization.a */; };
		24217C77164EC51500B7DE98 /* CoreData.framework in Frameworks */ = {isa = PBXBuildFile; fileRef = 24217C76164EC51500B7DE98 /* CoreData.framework */; };
		24217C79164EC55600B7DE98 /* UIKit.framework in Frameworks */ = {isa = PBXBuildFile; fileRef = 24217C78164EC55600B7DE98 /* UIKit.framework */; };
		24217C7B164EC56300B7DE98 /* SenTestingKit.framework in Frameworks */ = {isa = PBXBuildFile; fileRef = 24217C7A164EC56300B7DE98 /* SenTestingKit.framework */; };
		24217C7E164EC63100B7DE98 /* DCTManagedObjectSerializationTests.xcdatamodeld in Sources */ = {isa = PBXBuildFile; fileRef = 24217C7C164EC63100B7DE98 /* DCTManagedObjectSerializationTests.xcdatamodeld */; };
		24217CAD164EC9A800B7DE98 /* _Person.m in Sources */ = {isa = PBXBuildFile; fileRef = 24217CAA164EC9A800B7DE98 /* _Person.m */; };
		24217CAE164EC9A800B7DE98 /* Person.m in Sources */ = {isa = PBXBuildFile; fileRef = 24217CAC164EC9A800B7DE98 /* Person.m */; };
		24217CB7164ECF3300B7DE98 /* _DCTManagedObjectDeserializer.m in Sources */ = {isa = PBXBuildFile; fileRef = 24217CB6164ECF3300B7DE98 /* _DCTManagedObjectDeserializer.m */; };
		24217CBB164EDF8E00B7DE98 /* NSManagedObject+DCTManagedObjectSerialization.m in Sources */ = {isa = PBXBuildFile; fileRef = 24217CBA164EDF8E00B7DE98 /* NSManagedObject+DCTManagedObjectSerialization.m */; };
		24217CBE164EE2E700B7DE98 /* NSAttributeDescription+_DCTManagedObjectSerialization.m in Sources */ = {isa = PBXBuildFile; fileRef = 24217CBD164EE2E700B7DE98 /* NSAttributeDescription+_DCTManagedObjectSerialization.m */; };
		24217CC1164EE38000B7DE98 /* NSRelationshipDescription+_DCTManagedObjectSerialization.m in Sources */ = {isa = PBXBuildFile; fileRef = 24217CC0164EE38000B7DE98 /* NSRelationshipDescription+_DCTManagedObjectSerialization.m */; };
		24217CC4164EE69000B7DE98 /* NSPropertyDescription+_DCTManagedObjectSerialization.m in Sources */ = {isa = PBXBuildFile; fileRef = 24217CC3164EE69000B7DE98 /* NSPropertyDescription+_DCTManagedObjectSerialization.m */; };
		24217CC9164EEF7D00B7DE98 /* NSManagedObject+DCTManagedObjectSerialization.h in CopyFiles */ = {isa = PBXBuildFile; fileRef = 24217CB9164EDF8D00B7DE98 /* NSManagedObject+DCTManagedObjectSerialization.h */; };
		24217CD01650ED6F00B7DE98 /* DCTTestNumberToStringValueTransformer.m in Sources */ = {isa = PBXBuildFile; fileRef = 24217CCF1650ED6F00B7DE98 /* DCTTestNumberToStringValueTransformer.m */; };
		245CD699164EA29300600BFF /* Foundation.framework in Frameworks */ = {isa = PBXBuildFile; fileRef = 245CD698164EA29300600BFF /* Foundation.framework */; };
		245CD6C1164EA2BF00600BFF /* DCTManagedObjectSerialization.m in Sources */ = {isa = PBXBuildFile; fileRef = 245CD6AC164EA2BF00600BFF /* DCTManagedObjectSerialization.m */; };
		2492B5A01650F470004BB997 /* DCTManagedObjectSerializationProperties.m in Sources */ = {isa = PBXBuildFile; fileRef = 2492B59F1650F470004BB997 /* DCTManagedObjectSerializationProperties.m */; };
		2492B60B165107A7004BB997 /* DCTManagedObjectSerializationProperties.h in CopyFiles */ = {isa = PBXBuildFile; fileRef = 2492B59E1650F470004BB997 /* DCTManagedObjectSerializationProperties.h */; };
		24A23538164EA58E00BD92ED /* DCTManagedObjectSerialization.h in CopyFiles */ = {isa = PBXBuildFile; fileRef = 245CD6AB164EA2BF00600BFF /* DCTManagedObjectSerialization.h */; };
/* End PBXBuildFile section */

/* Begin PBXCopyFilesBuildPhase section */
		245CD693164EA29300600BFF /* CopyFiles */ = {
			isa = PBXCopyFilesBuildPhase;
			buildActionMask = 2147483647;
			dstPath = "include/${PRODUCT_NAME}";
			dstSubfolderSpec = 16;
			files = (
				2492B60B165107A7004BB997 /* DCTManagedObjectSerializationProperties.h in CopyFiles */,
				24A23538164EA58E00BD92ED /* DCTManagedObjectSerialization.h in CopyFiles */,
				24217CC9164EEF7D00B7DE98 /* NSManagedObject+DCTManagedObjectSerialization.h in CopyFiles */,
			);
			runOnlyForDeploymentPostprocessing = 0;
		};
/* End PBXCopyFilesBuildPhase section */

/* Begin PBXFileReference section */
		24217C61164EC4E000B7DE98 /* DCTManagedObjectSerializationTests.octest */ = {isa = PBXFileReference; explicitFileType = wrapper.cfbundle; includeInIndex = 0; path = DCTManagedObjectSerializationTests.octest; sourceTree = BUILT_PRODUCTS_DIR; };
		24217C69164EC4E000B7DE98 /* DCTManagedObjectSerializationTests-Info.plist */ = {isa = PBXFileReference; lastKnownFileType = text.plist.xml; path = "DCTManagedObjectSerializationTests-Info.plist"; sourceTree = "<group>"; };
		24217C6D164EC4E000B7DE98 /* DCTManagedObjectSerializationTests.h */ = {isa = PBXFileReference; lastKnownFileType = sourcecode.c.h; path = DCTManagedObjectSerializationTests.h; sourceTree = "<group>"; };
		24217C6E164EC4E000B7DE98 /* DCTManagedObjectSerializationTests.m */ = {isa = PBXFileReference; lastKnownFileType = sourcecode.c.objc; path = DCTManagedObjectSerializationTests.m; sourceTree = "<group>"; };
		24217C76164EC51500B7DE98 /* CoreData.framework */ = {isa = PBXFileReference; lastKnownFileType = wrapper.framework; name = CoreData.framework; path = System/Library/Frameworks/CoreData.framework; sourceTree = SDKROOT; };
		24217C78164EC55600B7DE98 /* UIKit.framework */ = {isa = PBXFileReference; lastKnownFileType = wrapper.framework; name = UIKit.framework; path = System/Library/Frameworks/UIKit.framework; sourceTree = SDKROOT; };
		24217C7A164EC56300B7DE98 /* SenTestingKit.framework */ = {isa = PBXFileReference; lastKnownFileType = wrapper.framework; name = SenTestingKit.framework; path = Library/Frameworks/SenTestingKit.framework; sourceTree = DEVELOPER_DIR; };
		24217C7D164EC63100B7DE98 /* DCTManagedObjectSerializationTests.xcdatamodel */ = {isa = PBXFileReference; lastKnownFileType = wrapper.xcdatamodel; path = DCTManagedObjectSerializationTests.xcdatamodel; sourceTree = "<group>"; };
		24217CA9164EC9A800B7DE98 /* _Person.h */ = {isa = PBXFileReference; fileEncoding = 4; lastKnownFileType = sourcecode.c.h; path = _Person.h; sourceTree = "<group>"; };
		24217CAA164EC9A800B7DE98 /* _Person.m */ = {isa = PBXFileReference; fileEncoding = 4; lastKnownFileType = sourcecode.c.objc; path = _Person.m; sourceTree = "<group>"; };
		24217CAB164EC9A800B7DE98 /* Person.h */ = {isa = PBXFileReference; fileEncoding = 4; lastKnownFileType = sourcecode.c.h; path = Person.h; sourceTree = "<group>"; };
		24217CAC164EC9A800B7DE98 /* Person.m */ = {isa = PBXFileReference; fileEncoding = 4; lastKnownFileType = sourcecode.c.objc; path = Person.m; sourceTree = "<group>"; };
		24217CB5164ECF3300B7DE98 /* _DCTManagedObjectDeserializer.h */ = {isa = PBXFileReference; fileEncoding = 4; lastKnownFileType = sourcecode.c.h; path = _DCTManagedObjectDeserializer.h; sourceTree = "<group>"; };
		24217CB6164ECF3300B7DE98 /* _DCTManagedObjectDeserializer.m */ = {isa = PBXFileReference; fileEncoding = 4; lastKnownFileType = sourcecode.c.objc; path = _DCTManagedObjectDeserializer.m; sourceTree = "<group>"; };
		24217CB9164EDF8D00B7DE98 /* NSManagedObject+DCTManagedObjectSerialization.h */ = {isa = PBXFileReference; fileEncoding = 4; lastKnownFileType = sourcecode.c.h; path = "NSManagedObject+DCTManagedObjectSerialization.h"; sourceTree = "<group>"; };
		24217CBA164EDF8E00B7DE98 /* NSManagedObject+DCTManagedObjectSerialization.m */ = {isa = PBXFileReference; fileEncoding = 4; lastKnownFileType = sourcecode.c.objc; path = "NSManagedObject+DCTManagedObjectSerialization.m"; sourceTree = "<group>"; };
		24217CBC164EE2E700B7DE98 /* NSAttributeDescription+_DCTManagedObjectSerialization.h */ = {isa = PBXFileReference; fileEncoding = 4; lastKnownFileType = sourcecode.c.h; path = "NSAttributeDescription+_DCTManagedObjectSerialization.h"; sourceTree = "<group>"; };
		24217CBD164EE2E700B7DE98 /* NSAttributeDescription+_DCTManagedObjectSerialization.m */ = {isa = PBXFileReference; fileEncoding = 4; lastKnownFileType = sourcecode.c.objc; path = "NSAttributeDescription+_DCTManagedObjectSerialization.m"; sourceTree = "<group>"; };
		24217CBF164EE38000B7DE98 /* NSRelationshipDescription+_DCTManagedObjectSerialization.h */ = {isa = PBXFileReference; fileEncoding = 4; lastKnownFileType = sourcecode.c.h; path = "NSRelationshipDescription+_DCTManagedObjectSerialization.h"; sourceTree = "<group>"; };
		24217CC0164EE38000B7DE98 /* NSRelationshipDescription+_DCTManagedObjectSerialization.m */ = {isa = PBXFileReference; fileEncoding = 4; lastKnownFileType = sourcecode.c.objc; path = "NSRelationshipDescription+_DCTManagedObjectSerialization.m"; sourceTree = "<group>"; };
		24217CC2164EE68F00B7DE98 /* NSPropertyDescription+_DCTManagedObjectSerialization.h */ = {isa = PBXFileReference; fileEncoding = 4; lastKnownFileType = sourcecode.c.h; path = "NSPropertyDescription+_DCTManagedObjectSerialization.h"; sourceTree = "<group>"; };
		24217CC3164EE69000B7DE98 /* NSPropertyDescription+_DCTManagedObjectSerialization.m */ = {isa = PBXFileReference; fileEncoding = 4; lastKnownFileType = sourcecode.c.objc; path = "NSPropertyDescription+_DCTManagedObjectSerialization.m"; sourceTree = "<group>"; };
		24217CCE1650ED6F00B7DE98 /* DCTTestNumberToStringValueTransformer.h */ = {isa = PBXFileReference; fileEncoding = 4; lastKnownFileType = sourcecode.c.h; path = DCTTestNumberToStringValueTransformer.h; sourceTree = "<group>"; };
		24217CCF1650ED6F00B7DE98 /* DCTTestNumberToStringValueTransformer.m */ = {isa = PBXFileReference; fileEncoding = 4; lastKnownFileType = sourcecode.c.objc; path = DCTTestNumberToStringValueTransformer.m; sourceTree = "<group>"; };
		245CD695164EA29300600BFF /* libDCTManagedObjectSerialization.a */ = {isa = PBXFileReference; explicitFileType = archive.ar; includeInIndex = 0; path = libDCTManagedObjectSerialization.a; sourceTree = BUILT_PRODUCTS_DIR; };
		245CD698164EA29300600BFF /* Foundation.framework */ = {isa = PBXFileReference; lastKnownFileType = wrapper.framework; name = Foundation.framework; path = System/Library/Frameworks/Foundation.framework; sourceTree = SDKROOT; };
		245CD6AB164EA2BF00600BFF /* DCTManagedObjectSerialization.h */ = {isa = PBXFileReference; fileEncoding = 4; lastKnownFileType = sourcecode.c.h; path = DCTManagedObjectSerialization.h; sourceTree = "<group>"; };
		245CD6AC164EA2BF00600BFF /* DCTManagedObjectSerialization.m */ = {isa = PBXFileReference; fileEncoding = 4; lastKnownFileType = sourcecode.c.objc; path = DCTManagedObjectSerialization.m; sourceTree = "<group>"; };
		2492B59E1650F470004BB997 /* DCTManagedObjectSerializationProperties.h */ = {isa = PBXFileReference; fileEncoding = 4; lastKnownFileType = sourcecode.c.h; path = DCTManagedObjectSerializationProperties.h; sourceTree = "<group>"; };
		2492B59F1650F470004BB997 /* DCTManagedObjectSerializationProperties.m */ = {isa = PBXFileReference; fileEncoding = 4; lastKnownFileType = sourcecode.c.objc; path = DCTManagedObjectSerializationProperties.m; sourceTree = "<group>"; };
/* End PBXFileReference section */

/* Begin PBXFrameworksBuildPhase section */
		24217C5D164EC4E000B7DE98 /* Frameworks */ = {
			isa = PBXFrameworksBuildPhase;
			buildActionMask = 2147483647;
			files = (
				24217C7B164EC56300B7DE98 /* SenTestingKit.framework in Frameworks */,
				24217C79164EC55600B7DE98 /* UIKit.framework in Frameworks */,
				24217C77164EC51500B7DE98 /* CoreData.framework in Frameworks */,
				24217C75164EC50E00B7DE98 /* libDCTManagedObjectSerialization.a in Frameworks */,
				24217C66164EC4E000B7DE98 /* Foundation.framework in Frameworks */,
			);
			runOnlyForDeploymentPostprocessing = 0;
		};
		245CD692164EA29300600BFF /* Frameworks */ = {
			isa = PBXFrameworksBuildPhase;
			buildActionMask = 2147483647;
			files = (
				245CD699164EA29300600BFF /* Foundation.framework in Frameworks */,
			);
			runOnlyForDeploymentPostprocessing = 0;
		};
/* End PBXFrameworksBuildPhase section */

/* Begin PBXGroup section */
		24217C67164EC4E000B7DE98 /* DCTManagedObjectSerializationTests */ = {
			isa = PBXGroup;
			children = (
				24217CA7164EC9A800B7DE98 /* Model */,
				24217C6D164EC4E000B7DE98 /* DCTManagedObjectSerializationTests.h */,
				24217C6E164EC4E000B7DE98 /* DCTManagedObjectSerializationTests.m */,
				24217C69164EC4E000B7DE98 /* DCTManagedObjectSerializationTests-Info.plist */,
				24217C7C164EC63100B7DE98 /* DCTManagedObjectSerializationTests.xcdatamodeld */,
				24217CCE1650ED6F00B7DE98 /* DCTTestNumberToStringValueTransformer.h */,
				24217CCF1650ED6F00B7DE98 /* DCTTestNumberToStringValueTransformer.m */,
			);
			path = DCTManagedObjectSerializationTests;
			sourceTree = "<group>";
		};
		24217CA7164EC9A800B7DE98 /* Model */ = {
			isa = PBXGroup;
			children = (
				24217CA8164EC9A800B7DE98 /* Generated */,
				24217CAB164EC9A800B7DE98 /* Person.h */,
				24217CAC164EC9A800B7DE98 /* Person.m */,
			);
			path = Model;
			sourceTree = "<group>";
		};
		24217CA8164EC9A800B7DE98 /* Generated */ = {
			isa = PBXGroup;
			children = (
				24217CA9164EC9A800B7DE98 /* _Person.h */,
				24217CAA164EC9A800B7DE98 /* _Person.m */,
			);
			path = Generated;
			sourceTree = "<group>";
		};
		245CD68A164EA29300600BFF = {
			isa = PBXGroup;
			children = (
				245CD6AA164EA2BF00600BFF /* DCTManagedObjectSerialization */,
				24217C67164EC4E000B7DE98 /* DCTManagedObjectSerializationTests */,
				245CD697164EA29300600BFF /* Frameworks */,
				245CD696164EA29300600BFF /* Products */,
			);
			sourceTree = "<group>";
			usesTabs = 1;
		};
		245CD696164EA29300600BFF /* Products */ = {
			isa = PBXGroup;
			children = (
				245CD695164EA29300600BFF /* libDCTManagedObjectSerialization.a */,
				24217C61164EC4E000B7DE98 /* DCTManagedObjectSerializationTests.octest */,
			);
			name = Products;
			sourceTree = "<group>";
		};
		245CD697164EA29300600BFF /* Frameworks */ = {
			isa = PBXGroup;
			children = (
				24217C7A164EC56300B7DE98 /* SenTestingKit.framework */,
				24217C78164EC55600B7DE98 /* UIKit.framework */,
				24217C76164EC51500B7DE98 /* CoreData.framework */,
				245CD698164EA29300600BFF /* Foundation.framework */,
			);
			name = Frameworks;
			sourceTree = "<group>";
		};
		245CD6AA164EA2BF00600BFF /* DCTManagedObjectSerialization */ = {
			isa = PBXGroup;
			children = (
				245CD6AB164EA2BF00600BFF /* DCTManagedObjectSerialization.h */,
				245CD6AC164EA2BF00600BFF /* DCTManagedObjectSerialization.m */,
				2492B59E1650F470004BB997 /* DCTManagedObjectSerializationProperties.h */,
				2492B59F1650F470004BB997 /* DCTManagedObjectSerializationProperties.m */,
				24217CB9164EDF8D00B7DE98 /* NSManagedObject+DCTManagedObjectSerialization.h */,
				24217CBA164EDF8E00B7DE98 /* NSManagedObject+DCTManagedObjectSerialization.m */,
				24A23533164EA4F600BD92ED /* Private */,
			);
			path = DCTManagedObjectSerialization;
			sourceTree = "<group>";
		};
		24A23533164EA4F600BD92ED /* Private */ = {
			isa = PBXGroup;
			children = (
				24217CB5164ECF3300B7DE98 /* _DCTManagedObjectDeserializer.h */,
				24217CB6164ECF3300B7DE98 /* _DCTManagedObjectDeserializer.m */,
				24217CBC164EE2E700B7DE98 /* NSAttributeDescription+_DCTManagedObjectSerialization.h */,
				24217CBD164EE2E700B7DE98 /* NSAttributeDescription+_DCTManagedObjectSerialization.m */,
				24217CBF164EE38000B7DE98 /* NSRelationshipDescription+_DCTManagedObjectSerialization.h */,
				24217CC0164EE38000B7DE98 /* NSRelationshipDescription+_DCTManagedObjectSerialization.m */,
				24217CC2164EE68F00B7DE98 /* NSPropertyDescription+_DCTManagedObjectSerialization.h */,
				24217CC3164EE69000B7DE98 /* NSPropertyDescription+_DCTManagedObjectSerialization.m */,
			);
			name = Private;
			sourceTree = "<group>";
		};
/* End PBXGroup section */

/* Begin PBXNativeTarget section */
		24217C60164EC4E000B7DE98 /* DCTManagedObjectSerializationTests */ = {
			isa = PBXNativeTarget;
			buildConfigurationList = 24217C73164EC4E000B7DE98 /* Build configuration list for PBXNativeTarget "DCTManagedObjectSerializationTests" */;
			buildPhases = (
				24217C5C164EC4E000B7DE98 /* Sources */,
				24217C5D164EC4E000B7DE98 /* Frameworks */,
				24217C5E164EC4E000B7DE98 /* Resources */,
				24217C5F164EC4E000B7DE98 /* ShellScript */,
			);
			buildRules = (
			);
			dependencies = (
			);
			name = DCTManagedObjectSerializationTests;
			productName = DCTManagedObjectSerializationTests;
			productReference = 24217C61164EC4E000B7DE98 /* DCTManagedObjectSerializationTests.octest */;
			productType = "com.apple.product-type.bundle";
		};
		245CD694164EA29300600BFF /* DCTManagedObjectSerialization */ = {
			isa = PBXNativeTarget;
			buildConfigurationList = 245CD6A3164EA29300600BFF /* Build configuration list for PBXNativeTarget "DCTManagedObjectSerialization" */;
			buildPhases = (
				245CD691164EA29300600BFF /* Sources */,
				245CD692164EA29300600BFF /* Frameworks */,
				245CD693164EA29300600BFF /* CopyFiles */,
			);
			buildRules = (
			);
			dependencies = (
			);
			name = DCTManagedObjectSerialization;
			productName = DCTManagedObjectSerialization;
			productReference = 245CD695164EA29300600BFF /* libDCTManagedObjectSerialization.a */;
			productType = "com.apple.product-type.library.static";
		};
/* End PBXNativeTarget section */

/* Begin PBXProject section */
		245CD68C164EA29300600BFF /* Project object */ = {
			isa = PBXProject;
			attributes = {
				LastUpgradeCheck = 0450;
				ORGANIZATIONNAME = "Daniel Tull";
			};
			buildConfigurationList = 245CD68F164EA29300600BFF /* Build configuration list for PBXProject "DCTManagedObjectSerialization" */;
			compatibilityVersion = "Xcode 3.2";
			developmentRegion = English;
			hasScannedForEncodings = 0;
			knownRegions = (
				en,
			);
			mainGroup = 245CD68A164EA29300600BFF;
			productRefGroup = 245CD696164EA29300600BFF /* Products */;
			projectDirPath = "";
			projectRoot = "";
			targets = (
				245CD694164EA29300600BFF /* DCTManagedObjectSerialization */,
				24217C60164EC4E000B7DE98 /* DCTManagedObjectSerializationTests */,
			);
		};
/* End PBXProject section */

/* Begin PBXResourcesBuildPhase section */
		24217C5E164EC4E000B7DE98 /* Resources */ = {
			isa = PBXResourcesBuildPhase;
			buildActionMask = 2147483647;
			files = (
			);
			runOnlyForDeploymentPostprocessing = 0;
		};
/* End PBXResourcesBuildPhase section */

/* Begin PBXShellScriptBuildPhase section */
		24217C5F164EC4E000B7DE98 /* ShellScript */ = {
			isa = PBXShellScriptBuildPhase;
			buildActionMask = 2147483647;
			files = (
			);
			inputPaths = (
			);
			outputPaths = (
			);
			runOnlyForDeploymentPostprocessing = 0;
			shellPath = /bin/sh;
			shellScript = "# Run the unit tests in this test bundle.\n\"${SYSTEM_DEVELOPER_DIR}/Tools/RunUnitTests\"\n";
		};
/* End PBXShellScriptBuildPhase section */

/* Begin PBXSourcesBuildPhase section */
		24217C5C164EC4E000B7DE98 /* Sources */ = {
			isa = PBXSourcesBuildPhase;
			buildActionMask = 2147483647;
			files = (
				24217C6F164EC4E000B7DE98 /* DCTManagedObjectSerializationTests.m in Sources */,
				24217C7E164EC63100B7DE98 /* DCTManagedObjectSerializationTests.xcdatamodeld in Sources */,
				24217CAD164EC9A800B7DE98 /* _Person.m in Sources */,
				24217CAE164EC9A800B7DE98 /* Person.m in Sources */,
				24217CD01650ED6F00B7DE98 /* DCTTestNumberToStringValueTransformer.m in Sources */,
			);
			runOnlyForDeploymentPostprocessing = 0;
		};
		245CD691164EA29300600BFF /* Sources */ = {
			isa = PBXSourcesBuildPhase;
			buildActionMask = 2147483647;
			files = (
				245CD6C1164EA2BF00600BFF /* DCTManagedObjectSerialization.m in Sources */,
				24217CB7164ECF3300B7DE98 /* _DCTManagedObjectDeserializer.m in Sources */,
				24217CBB164EDF8E00B7DE98 /* NSManagedObject+DCTManagedObjectSerialization.m in Sources */,
				24217CBE164EE2E700B7DE98 /* NSAttributeDescription+_DCTManagedObjectSerialization.m in Sources */,
				24217CC1164EE38000B7DE98 /* NSRelationshipDescription+_DCTManagedObjectSerialization.m in Sources */,
				24217CC4164EE69000B7DE98 /* NSPropertyDescription+_DCTManagedObjectSerialization.m in Sources */,
				2492B5A01650F470004BB997 /* DCTManagedObjectSerializationProperties.m in Sources */,
			);
			runOnlyForDeploymentPostprocessing = 0;
		};
/* End PBXSourcesBuildPhase section */

/* Begin XCBuildConfiguration section */
		24217C71164EC4E000B7DE98 /* Debug */ = {
			isa = XCBuildConfiguration;
			buildSettings = {
				FRAMEWORK_SEARCH_PATHS = (
					"\"$(SDKROOT)/Developer/Library/Frameworks\"",
					"\"$(DEVELOPER_LIBRARY_DIR)/Frameworks\"",
				);
				GCC_PRECOMPILE_PREFIX_HEADER = YES;
				INFOPLIST_FILE = "DCTManagedObjectSerializationTests/DCTManagedObjectSerializationTests-Info.plist";
				OTHER_LDFLAGS = "-ObjC";
				PRODUCT_NAME = "$(TARGET_NAME)";
				WRAPPER_EXTENSION = octest;
			};
			name = Debug;
		};
		24217C72164EC4E000B7DE98 /* Release */ = {
			isa = XCBuildConfiguration;
			buildSettings = {
				FRAMEWORK_SEARCH_PATHS = (
					"\"$(SDKROOT)/Developer/Library/Frameworks\"",
					"\"$(DEVELOPER_LIBRARY_DIR)/Frameworks\"",
				);
				GCC_PRECOMPILE_PREFIX_HEADER = YES;
				INFOPLIST_FILE = "DCTManagedObjectSerializationTests/DCTManagedObjectSerializationTests-Info.plist";
				OTHER_LDFLAGS = "-ObjC";
				PRODUCT_NAME = "$(TARGET_NAME)";
				WRAPPER_EXTENSION = octest;
			};
			name = Release;
		};
		245CD6A1164EA29300600BFF /* Debug */ = {
			isa = XCBuildConfiguration;
			buildSettings = {
				ALWAYS_SEARCH_USER_PATHS = NO;
				CLANG_CXX_LANGUAGE_STANDARD = "gnu++0x";
				CLANG_CXX_LIBRARY = "libc++";
				CLANG_ENABLE_OBJC_ARC = YES;
				CLANG_WARN_EMPTY_BODY = YES;
				CLANG_WARN__DUPLICATE_METHOD_MATCH = YES;
				COPY_PHASE_STRIP = NO;
				GCC_C_LANGUAGE_STANDARD = gnu99;
				GCC_DYNAMIC_NO_PIC = NO;
				GCC_OPTIMIZATION_LEVEL = 0;
				GCC_PREPROCESSOR_DEFINITIONS = (
					"DEBUG=1",
					"$(inherited)",
				);
				GCC_SYMBOLS_PRIVATE_EXTERN = NO;
				GCC_WARN_ABOUT_RETURN_TYPE = YES;
				GCC_WARN_UNINITIALIZED_AUTOS = YES;
				GCC_WARN_UNUSED_VARIABLE = YES;
				IPHONEOS_DEPLOYMENT_TARGET = 6.0;
				ONLY_ACTIVE_ARCH = YES;
				SDKROOT = iphoneos;
			};
			name = Debug;
		};
		245CD6A2164EA29300600BFF /* Release */ = {
			isa = XCBuildConfiguration;
			buildSettings = {
				ALWAYS_SEARCH_USER_PATHS = NO;
				CLANG_CXX_LANGUAGE_STANDARD = "gnu++0x";
				CLANG_CXX_LIBRARY = "libc++";
				CLANG_ENABLE_OBJC_ARC = YES;
				CLANG_WARN_EMPTY_BODY = YES;
				CLANG_WARN__DUPLICATE_METHOD_MATCH = YES;
				COPY_PHASE_STRIP = YES;
				GCC_C_LANGUAGE_STANDARD = gnu99;
				GCC_WARN_ABOUT_RETURN_TYPE = YES;
				GCC_WARN_UNINITIALIZED_AUTOS = YES;
				GCC_WARN_UNUSED_VARIABLE = YES;
				IPHONEOS_DEPLOYMENT_TARGET = 6.0;
				SDKROOT = iphoneos;
				VALIDATE_PRODUCT = YES;
			};
			name = Release;
		};
		245CD6A4164EA29300600BFF /* Debug */ = {
			isa = XCBuildConfiguration;
			buildSettings = {
				DSTROOT = /tmp/DCTManagedObjectSerialization.dst;
				GCC_PRECOMPILE_PREFIX_HEADER = YES;
				OTHER_LDFLAGS = "-ObjC";
				PRODUCT_NAME = "$(TARGET_NAME)";
				SKIP_INSTALL = YES;
			};
			name = Debug;
		};
		245CD6A5164EA29300600BFF /* Release */ = {
			isa = XCBuildConfiguration;
			buildSettings = {
				DSTROOT = /tmp/DCTManagedObjectSerialization.dst;
				GCC_PRECOMPILE_PREFIX_HEADER = YES;
				OTHER_LDFLAGS = "-ObjC";
				PRODUCT_NAME = "$(TARGET_NAME)";
				SKIP_INSTALL = YES;
			};
			name = Release;
		};
/* End XCBuildConfiguration section */

/* Begin XCConfigurationList section */
		24217C73164EC4E000B7DE98 /* Build configuration list for PBXNativeTarget "DCTManagedObjectSerializationTests" */ = {
			isa = XCConfigurationList;
			buildConfigurations = (
				24217C71164EC4E000B7DE98 /* Debug */,
				24217C72164EC4E000B7DE98 /* Release */,
			);
			defaultConfigurationIsVisible = 0;
			defaultConfigurationName = Release;
		};
		245CD68F164EA29300600BFF /* Build configuration list for PBXProject "DCTManagedObjectSerialization" */ = {
			isa = XCConfigurationList;
			buildConfigurations = (
				245CD6A1164EA29300600BFF /* Debug */,
				245CD6A2164EA29300600BFF /* Release */,
			);
			defaultConfigurationIsVisible = 0;
			defaultConfigurationName = Release;
		};
		245CD6A3164EA29300600BFF /* Build configuration list for PBXNativeTarget "DCTManagedObjectSerialization" */ = {
			isa = XCConfigurationList;
			buildConfigurations = (
				245CD6A4164EA29300600BFF /* Debug */,
				245CD6A5164EA29300600BFF /* Release */,
			);
			defaultConfigurationIsVisible = 0;
			defaultConfigurationName = Release;
		};
/* End XCConfigurationList section */

/* Begin XCVersionGroup section */
		24217C7C164EC63100B7DE98 /* DCTManagedObjectSerializationTests.xcdatamodeld */ = {
			isa = XCVersionGroup;
			children = (
				24217C7D164EC63100B7DE98 /* DCTManagedObjectSerializationTests.xcdatamodel */,
			);
			currentVersion = 24217C7D164EC63100B7DE98 /* DCTManagedObjectSerializationTests.xcdatamodel */;
			path = DCTManagedObjectSerializationTests.xcdatamodeld;
			sourceTree = "<group>";
			versionGroupType = wrapper.xcdatamodel;
		};
/* End XCVersionGroup section */
	};
	rootObject = 245CD68C164EA29300600BFF /* Project object */;
}
